// !$*UTF8*$!
{
	archiveVersion = 1;
	classes = {
	};
	objectVersion = 70;
	objects = {

/* Begin PBXBuildFile section */
		0C79EE612A76DCD600EE90EA /* NftByIdRequest.swift in Sources */ = {isa = PBXBuildFile; fileRef = 0C79EE602A76DCD600EE90EA /* NftByIdRequest.swift */; };
		0C79EE632A76DD1900EE90EA /* RequestConstants.swift in Sources */ = {isa = PBXBuildFile; fileRef = 0C79EE622A76DD1900EE90EA /* RequestConstants.swift */; };
		0C79EE662A76DDFF00EE90EA /* NftDetailViewController.swift in Sources */ = {isa = PBXBuildFile; fileRef = 0C79EE652A76DDFF00EE90EA /* NftDetailViewController.swift */; };
		0C79EE682A76DE0900EE90EA /* NftDetailPresenter.swift in Sources */ = {isa = PBXBuildFile; fileRef = 0C79EE672A76DE0900EE90EA /* NftDetailPresenter.swift */; };
		0C79EE6A2A76DE1000EE90EA /* NftDetailAssembly.swift in Sources */ = {isa = PBXBuildFile; fileRef = 0C79EE692A76DE1000EE90EA /* NftDetailAssembly.swift */; };
		0C79EE6C2A76DE2E00EE90EA /* ServicesAssemly.swift in Sources */ = {isa = PBXBuildFile; fileRef = 0C79EE6B2A76DE2E00EE90EA /* ServicesAssemly.swift */; };
		0CF2C2DB2A783C1B00FDC837 /* LoadingView.swift in Sources */ = {isa = PBXBuildFile; fileRef = 0CF2C2DA2A783C1B00FDC837 /* LoadingView.swift */; };
		0CF2C2DD2A783CE600FDC837 /* ErrorView.swift in Sources */ = {isa = PBXBuildFile; fileRef = 0CF2C2DC2A783CE600FDC837 /* ErrorView.swift */; };
		0CF2C2E12A784C7000FDC837 /* LinePageControl.swift in Sources */ = {isa = PBXBuildFile; fileRef = 0CF2C2E02A784C7000FDC837 /* LinePageControl.swift */; };
		0CFCB7402A78002A0009A829 /* ExamplePutService.swift in Sources */ = {isa = PBXBuildFile; fileRef = 0CFCB73F2A78002A0009A829 /* ExamplePutService.swift */; };
		0CFCB7422A78013E0009A829 /* Nft.swift in Sources */ = {isa = PBXBuildFile; fileRef = 0CFCB7412A78013E0009A829 /* Nft.swift */; };
		0CFCB7442A7802440009A829 /* NftDetailInput.swift in Sources */ = {isa = PBXBuildFile; fileRef = 0CFCB7432A7802440009A829 /* NftDetailInput.swift */; };
		0CFCB7462A78064B0009A829 /* NftDetailCellModel.swift in Sources */ = {isa = PBXBuildFile; fileRef = 0CFCB7452A78064B0009A829 /* NftDetailCellModel.swift */; };
		0CFCB7492A7808900009A829 /* TestCatalogController.swift in Sources */ = {isa = PBXBuildFile; fileRef = 0CFCB7482A7808900009A829 /* TestCatalogController.swift */; };
		0CFCB74B2A780EA80009A829 /* UIView+Constraints.swift in Sources */ = {isa = PBXBuildFile; fileRef = 0CFCB74A2A780EA80009A829 /* UIView+Constraints.swift */; };
		0CFCB74E2A7817DC0009A829 /* NftStorage.swift in Sources */ = {isa = PBXBuildFile; fileRef = 0CFCB74D2A7817DC0009A829 /* NftStorage.swift */; };
		3F478ECF29DB474E00F6D39E /* Colors.swift in Sources */ = {isa = PBXBuildFile; fileRef = 3F478ECE29DB474E00F6D39E /* Colors.swift */; };
		3F478ED129DB476500F6D39E /* Fonts.swift in Sources */ = {isa = PBXBuildFile; fileRef = 3F478ED029DB476500F6D39E /* Fonts.swift */; };
		3F603CCD29DB4A53000C43D7 /* ProgressHUD in Frameworks */ = {isa = PBXBuildFile; productRef = 3F603CCC29DB4A53000C43D7 /* ProgressHUD */; };
		3F603CD029DB4A74000C43D7 /* Kingfisher in Frameworks */ = {isa = PBXBuildFile; productRef = 3F603CCF29DB4A74000C43D7 /* Kingfisher */; };
		3F68069729CBBAF100B4F915 /* AppDelegate.swift in Sources */ = {isa = PBXBuildFile; fileRef = 3F68069629CBBAF100B4F915 /* AppDelegate.swift */; };
		3F68069929CBBAF100B4F915 /* SceneDelegate.swift in Sources */ = {isa = PBXBuildFile; fileRef = 3F68069829CBBAF100B4F915 /* SceneDelegate.swift */; };
		3F68069B29CBBAF100B4F915 /* ProductDetailsTableViewController.swift in Sources */ = {isa = PBXBuildFile; fileRef = 3F68069A29CBBAF100B4F915 /* ProductDetailsTableViewController.swift */; };
		3F68069E29CBBAF100B4F915 /* Main.storyboard in Resources */ = {isa = PBXBuildFile; fileRef = 3F68069C29CBBAF100B4F915 /* Main.storyboard */; };
		3F6806A029CBBAF200B4F915 /* Assets.xcassets in Resources */ = {isa = PBXBuildFile; fileRef = 3F68069F29CBBAF200B4F915 /* Assets.xcassets */; };
		3F6806A329CBBAF200B4F915 /* LaunchScreen.storyboard in Resources */ = {isa = PBXBuildFile; fileRef = 3F6806A129CBBAF200B4F915 /* LaunchScreen.storyboard */; };
		3F6806AE29CBBAF200B4F915 /* ExampleUnitTests.swift in Sources */ = {isa = PBXBuildFile; fileRef = 3F6806AD29CBBAF200B4F915 /* ExampleUnitTests.swift */; };
		3F6806B829CBBAF200B4F915 /* FakeNFTUITests.swift in Sources */ = {isa = PBXBuildFile; fileRef = 3F6806B729CBBAF200B4F915 /* FakeNFTUITests.swift */; };
		3F6806D129CBBE6B00B4F915 /* NetworkClient.swift in Sources */ = {isa = PBXBuildFile; fileRef = 3F6806D029CBBE6B00B4F915 /* NetworkClient.swift */; };
		3F6806D329CBBE9600B4F915 /* NetworkRequest.swift in Sources */ = {isa = PBXBuildFile; fileRef = 3F6806D229CBBE9600B4F915 /* NetworkRequest.swift */; };
		3F6806D529CBBEC700B4F915 /* NetworkTask.swift in Sources */ = {isa = PBXBuildFile; fileRef = 3F6806D429CBBEC700B4F915 /* NetworkTask.swift */; };
		3F6806D729CBC50A00B4F915 /* CellsReusingUtils.swift in Sources */ = {isa = PBXBuildFile; fileRef = 3F6806D629CBC50A00B4F915 /* CellsReusingUtils.swift */; };
		3FC8C38B29D242E90081F015 /* ProductDetailsTableViewCell.swift in Sources */ = {isa = PBXBuildFile; fileRef = 3FC8C38A29D242E90081F015 /* ProductDetailsTableViewCell.swift */; };
		3FC8C39129D2453B0081F015 /* ExamplePutRequest.swift in Sources */ = {isa = PBXBuildFile; fileRef = 3FC8C39029D2453B0081F015 /* ExamplePutRequest.swift */; };
		3FC8C39329D246BA0081F015 /* DateFormatters+Presets.swift in Sources */ = {isa = PBXBuildFile; fileRef = 3FC8C39229D246BA0081F015 /* DateFormatters+Presets.swift */; };
		558E39E72C68CE0A00FB86AC /* NftService.swift in Sources */ = {isa = PBXBuildFile; fileRef = 558E39E62C68CE0900FB86AC /* NftService.swift */; };
		60ED9763CE34E87E867E6555 /* Pods_FakeNFT.framework in Frameworks */ = {isa = PBXBuildFile; fileRef = 5AC154B8566CB76276E119CB /* Pods_FakeNFT.framework */; };
		84FF0BC52D13219B00EF9ACC /* UserProfileImageView.swift in Sources */ = {isa = PBXBuildFile; fileRef = 84FF0BC42D13219B00EF9ACC /* UserProfileImageView.swift */; };
		84FF0BC92D13225B00EF9ACC /* UserPicCell.swift in Sources */ = {isa = PBXBuildFile; fileRef = 84FF0BC82D13225B00EF9ACC /* UserPicCell.swift */; };
		84FF0BCC2D13230500EF9ACC /* UpdateProfileDto.swift in Sources */ = {isa = PBXBuildFile; fileRef = 84FF0BCB2D13230500EF9ACC /* UpdateProfileDto.swift */; };
		84FF0BCE2D13234F00EF9ACC /* ProfileViewController.swift in Sources */ = {isa = PBXBuildFile; fileRef = 84FF0BCD2D13234F00EF9ACC /* ProfileViewController.swift */; };
		84FF0BD12D1323E200EF9ACC /* ProfileService.swift in Sources */ = {isa = PBXBuildFile; fileRef = 84FF0BD02D1323E200EF9ACC /* ProfileService.swift */; };
		84FF0BD42D13246100EF9ACC /* ProfileRouter.swift in Sources */ = {isa = PBXBuildFile; fileRef = 84FF0BD32D13246100EF9ACC /* ProfileRouter.swift */; };
		84FF0BD72D1324D100EF9ACC /* ProfileRequests.swift in Sources */ = {isa = PBXBuildFile; fileRef = 84FF0BD62D1324D100EF9ACC /* ProfileRequests.swift */; };
		84FF0BDA2D13253A00EF9ACC /* ProfileRepository.swift in Sources */ = {isa = PBXBuildFile; fileRef = 84FF0BD92D13253A00EF9ACC /* ProfileRepository.swift */; };
		84FF0BDD2D13259C00EF9ACC /* ProfilePresenter.swift in Sources */ = {isa = PBXBuildFile; fileRef = 84FF0BDC2D13259C00EF9ACC /* ProfilePresenter.swift */; };
		84FF0BDF2D13260000EF9ACC /* ProfileCell.swift in Sources */ = {isa = PBXBuildFile; fileRef = 84FF0BDE2D13260000EF9ACC /* ProfileCell.swift */; };
		84FF0BE12D13268900EF9ACC /* Profile.swift in Sources */ = {isa = PBXBuildFile; fileRef = 84FF0BE02D13268900EF9ACC /* Profile.swift */; };
		84FF0BE32D1326EF00EF9ACC /* EditProfileViewController.swift in Sources */ = {isa = PBXBuildFile; fileRef = 84FF0BE22D1326EF00EF9ACC /* EditProfileViewController.swift */; };
		84FF0BE52D13274500EF9ACC /* EditProfileRepository.swift in Sources */ = {isa = PBXBuildFile; fileRef = 84FF0BE42D13274500EF9ACC /* EditProfileRepository.swift */; };
		84FF0BE72D1327AA00EF9ACC /* EditProfilePresenter.swift in Sources */ = {isa = PBXBuildFile; fileRef = 84FF0BE62D1327AA00EF9ACC /* EditProfilePresenter.swift */; };
		84FF0C012D1349DD00EF9ACC /* LocalizationKey.swift in Sources */ = {isa = PBXBuildFile; fileRef = 84FF0C002D1349DD00EF9ACC /* LocalizationKey.swift */; };
		84FF0C0B2D13520B00EF9ACC /* Logger.swift in Sources */ = {isa = PBXBuildFile; fileRef = 84FF0C0A2D13520B00EF9ACC /* Logger.swift */; };
		84FF0C0D2D13526500EF9ACC /* NetworkConstants.swift in Sources */ = {isa = PBXBuildFile; fileRef = 84FF0C0C2D13526500EF9ACC /* NetworkConstants.swift */; };
		84FF0C172D13562100EF9ACC /* WebViewWithProgressViewController.swift in Sources */ = {isa = PBXBuildFile; fileRef = 84FF0C162D13562100EF9ACC /* WebViewWithProgressViewController.swift */; };
		84FF0C192D13564F00EF9ACC /* WebViewController.swift in Sources */ = {isa = PBXBuildFile; fileRef = 84FF0C182D13564F00EF9ACC /* WebViewController.swift */; };
		84FF0C1F2D13570D00EF9ACC /* UIView+Extension.swift in Sources */ = {isa = PBXBuildFile; fileRef = 84FF0C1E2D13570D00EF9ACC /* UIView+Extension.swift */; };
		84FF0C252D13577C00EF9ACC /* UIConstants.swift in Sources */ = {isa = PBXBuildFile; fileRef = 84FF0C242D13577C00EF9ACC /* UIConstants.swift */; };
		84FF0C2B2D135A9B00EF9ACC /* UserDefaults+Extensio.swift in Sources */ = {isa = PBXBuildFile; fileRef = 84FF0C2A2D135A9B00EF9ACC /* UserDefaults+Extensio.swift */; };
		84FF0C2D2D135AE000EF9ACC /* GlobalFunc.swift in Sources */ = {isa = PBXBuildFile; fileRef = 84FF0C2C2D135AE000EF9ACC /* GlobalFunc.swift */; };
		84FF0C2F2D135B1600EF9ACC /* GeometricParams.swift in Sources */ = {isa = PBXBuildFile; fileRef = 84FF0C2E2D135B1600EF9ACC /* GeometricParams.swift */; };
		84FF0C312D135B4B00EF9ACC /* Notification+Extension.swift in Sources */ = {isa = PBXBuildFile; fileRef = 84FF0C302D135B4B00EF9ACC /* Notification+Extension.swift */; };
		84FF0C332D135B8300EF9ACC /* LikeButtonView.swift in Sources */ = {isa = PBXBuildFile; fileRef = 84FF0C322D135B8300EF9ACC /* LikeButtonView.swift */; };
		84FF0C352D135BC200EF9ACC /* NftImageView.swift in Sources */ = {isa = PBXBuildFile; fileRef = 84FF0C342D135BC200EF9ACC /* NftImageView.swift */; };
		84FF0C372D135BF100EF9ACC /* Placeholder.swift in Sources */ = {isa = PBXBuildFile; fileRef = 84FF0C362D135BF100EF9ACC /* Placeholder.swift */; };
		84FF0C392D135C2C00EF9ACC /*  ShimmerView.swift in Sources */ = {isa = PBXBuildFile; fileRef = 84FF0C382D135C2C00EF9ACC /*  ShimmerView.swift */; };
		84FF0C3C2D135C8200EF9ACC /* ConfigureTableViewCellHelper.swift in Sources */ = {isa = PBXBuildFile; fileRef = 84FF0C3B2D135C8200EF9ACC /* ConfigureTableViewCellHelper.swift */; };
		84FF0C3E2D135CD000EF9ACC /* TableViewHeaderAndFooterHelper.swift in Sources */ = {isa = PBXBuildFile; fileRef = 84FF0C3D2D135CD000EF9ACC /* TableViewHeaderAndFooterHelper.swift */; };
		84FF0C402D135D3600EF9ACC /* ShimmerCollectionViewCell.swift in Sources */ = {isa = PBXBuildFile; fileRef = 84FF0C3F2D135D3600EF9ACC /* ShimmerCollectionViewCell.swift */; };
		84FF0C422D135EB700EF9ACC /* TextViewCell.swift in Sources */ = {isa = PBXBuildFile; fileRef = 84FF0C412D135EB700EF9ACC /* TextViewCell.swift */; };
		84FF0C442D135FBD00EF9ACC /* ProfileBuilder.swift in Sources */ = {isa = PBXBuildFile; fileRef = 84FF0C432D135FBD00EF9ACC /* ProfileBuilder.swift */; };
		84FF0C472D13601C00EF9ACC /* NftCellProtocol.swift in Sources */ = {isa = PBXBuildFile; fileRef = 84FF0C462D13601C00EF9ACC /* NftCellProtocol.swift */; };
		84FF0C4D2D1367A900EF9ACC /* NFT.swift in Sources */ = {isa = PBXBuildFile; fileRef = 84FF0C4C2D1367A900EF9ACC /* NFT.swift */; };
		84FF0C672D136BB100EF9ACC /* Statistic.swift in Sources */ = {isa = PBXBuildFile; fileRef = 84FF0C662D136BB100EF9ACC /* Statistic.swift */; };
		84FF0CA22D14489B00EF9ACC /* MyNftHelper.swift in Sources */ = {isa = PBXBuildFile; fileRef = 84FF0CA12D14489B00EF9ACC /* MyNftHelper.swift */; };
		84FF0D122D19C13800EF9ACC /* BaurasDecompositionProfil.md in Resources */ = {isa = PBXBuildFile; fileRef = 84FF0D112D19C13800EF9ACC /* BaurasDecompositionProfil.md */; };
		84FF0D5C2D1CAE2F00EF9ACC /* MyNftStorage.swift in Sources */ = {isa = PBXBuildFile; fileRef = 84FF0D5B2D1CAE2F00EF9ACC /* MyNftStorage.swift */; };
		84FF0D5E2D1CAEC200EF9ACC /* MyNftViewController.swift in Sources */ = {isa = PBXBuildFile; fileRef = 84FF0D5D2D1CAEC200EF9ACC /* MyNftViewController.swift */; };
		84FF0D602D1CAF9D00EF9ACC /* MyNftPresenter.swift in Sources */ = {isa = PBXBuildFile; fileRef = 84FF0D5F2D1CAF9D00EF9ACC /* MyNftPresenter.swift */; };
		84FF0D622D1CB00600EF9ACC /* MyNftRepository.swift in Sources */ = {isa = PBXBuildFile; fileRef = 84FF0D612D1CB00600EF9ACC /* MyNftRepository.swift */; };
		84FF0D642D1CB03E00EF9ACC /* MyNftService.swift in Sources */ = {isa = PBXBuildFile; fileRef = 84FF0D632D1CB03E00EF9ACC /* MyNftService.swift */; };
		84FF0D662D1CB0D200EF9ACC /* MyNftCell.swift in Sources */ = {isa = PBXBuildFile; fileRef = 84FF0D652D1CB0D200EF9ACC /* MyNftCell.swift */; };
		84FF0D682D1CB1F600EF9ACC /* NftLikeService.swift in Sources */ = {isa = PBXBuildFile; fileRef = 84FF0D672D1CB1F600EF9ACC /* NftLikeService.swift */; };
		84FF0D6A2D1CB25300EF9ACC /* NftRequest.swift in Sources */ = {isa = PBXBuildFile; fileRef = 84FF0D692D1CB25300EF9ACC /* NftRequest.swift */; };
		8AF91C482D0B6DFF006448B8 /* TestCartViewController.swift in Sources */ = {isa = PBXBuildFile; fileRef = 8AF91C472D0B6DFF006448B8 /* TestCartViewController.swift */; };
		8AF91C4B2D0B6E38006448B8 /* TestStatisticsViewController.swift in Sources */ = {isa = PBXBuildFile; fileRef = 8AF91C4A2D0B6E38006448B8 /* TestStatisticsViewController.swift */; };
		CACEA460A823729E26FD528C /* Pods_FakeNFTTests.framework in Frameworks */ = {isa = PBXBuildFile; fileRef = 4ABD77CA43087E7AD3BFC123 /* Pods_FakeNFTTests.framework */; };
		E073BBD55AAEBA57FEAD56FB /* Pods_FakeNFT_FakeNFTUITests.framework in Frameworks */ = {isa = PBXBuildFile; fileRef = 0009E44AF561C545F91DE34C /* Pods_FakeNFT_FakeNFTUITests.framework */; };
		E19CD5AB2A98B56600CA39A5 /* NftImageCollectionViewCell.swift in Sources */ = {isa = PBXBuildFile; fileRef = E19CD5AA2A98B56600CA39A5 /* NftImageCollectionViewCell.swift */; };
		E1A1B9DA2AA01CE400C3AFBC /* TabBarController.swift in Sources */ = {isa = PBXBuildFile; fileRef = E1A1B9D92AA01CE400C3AFBC /* TabBarController.swift */; };
		E1CD40DC2A96BECC00BE7FE8 /* Localizable.strings in Resources */ = {isa = PBXBuildFile; fileRef = E1CD40DB2A96BECC00BE7FE8 /* Localizable.strings */; };
/* End PBXBuildFile section */

/* Begin PBXContainerItemProxy section */
		3F6806AA29CBBAF200B4F915 /* PBXContainerItemProxy */ = {
			isa = PBXContainerItemProxy;
			containerPortal = 3F68068B29CBBAF100B4F915 /* Project object */;
			proxyType = 1;
			remoteGlobalIDString = 3F68069229CBBAF100B4F915;
			remoteInfo = FakeNFT;
		};
		3F6806B429CBBAF200B4F915 /* PBXContainerItemProxy */ = {
			isa = PBXContainerItemProxy;
			containerPortal = 3F68068B29CBBAF100B4F915 /* Project object */;
			proxyType = 1;
			remoteGlobalIDString = 3F68069229CBBAF100B4F915;
			remoteInfo = FakeNFT;
		};
/* End PBXContainerItemProxy section */

/* Begin PBXFileReference section */
		0009E44AF561C545F91DE34C /* Pods_FakeNFT_FakeNFTUITests.framework */ = {isa = PBXFileReference; explicitFileType = wrapper.framework; includeInIndex = 0; path = Pods_FakeNFT_FakeNFTUITests.framework; sourceTree = BUILT_PRODUCTS_DIR; };
		0222568CE37BB11DC6ED31B2 /* Pods-FakeNFTTests.release.xcconfig */ = {isa = PBXFileReference; includeInIndex = 1; lastKnownFileType = text.xcconfig; name = "Pods-FakeNFTTests.release.xcconfig"; path = "Target Support Files/Pods-FakeNFTTests/Pods-FakeNFTTests.release.xcconfig"; sourceTree = "<group>"; };
		0C79EE602A76DCD600EE90EA /* NftByIdRequest.swift */ = {isa = PBXFileReference; lastKnownFileType = sourcecode.swift; path = NftByIdRequest.swift; sourceTree = "<group>"; };
		0C79EE622A76DD1900EE90EA /* RequestConstants.swift */ = {isa = PBXFileReference; lastKnownFileType = sourcecode.swift; path = RequestConstants.swift; sourceTree = "<group>"; };
		0C79EE652A76DDFF00EE90EA /* NftDetailViewController.swift */ = {isa = PBXFileReference; lastKnownFileType = sourcecode.swift; path = NftDetailViewController.swift; sourceTree = "<group>"; };
		0C79EE672A76DE0900EE90EA /* NftDetailPresenter.swift */ = {isa = PBXFileReference; lastKnownFileType = sourcecode.swift; path = NftDetailPresenter.swift; sourceTree = "<group>"; };
		0C79EE692A76DE1000EE90EA /* NftDetailAssembly.swift */ = {isa = PBXFileReference; lastKnownFileType = sourcecode.swift; path = NftDetailAssembly.swift; sourceTree = "<group>"; };
		0C79EE6B2A76DE2E00EE90EA /* ServicesAssemly.swift */ = {isa = PBXFileReference; lastKnownFileType = sourcecode.swift; path = ServicesAssemly.swift; sourceTree = "<group>"; };
		0CF2C2DA2A783C1B00FDC837 /* LoadingView.swift */ = {isa = PBXFileReference; lastKnownFileType = sourcecode.swift; path = LoadingView.swift; sourceTree = "<group>"; };
		0CF2C2DC2A783CE600FDC837 /* ErrorView.swift */ = {isa = PBXFileReference; lastKnownFileType = sourcecode.swift; path = ErrorView.swift; sourceTree = "<group>"; };
		0CF2C2E02A784C7000FDC837 /* LinePageControl.swift */ = {isa = PBXFileReference; lastKnownFileType = sourcecode.swift; path = LinePageControl.swift; sourceTree = "<group>"; };
		0CFCB73F2A78002A0009A829 /* ExamplePutService.swift */ = {isa = PBXFileReference; lastKnownFileType = sourcecode.swift; path = ExamplePutService.swift; sourceTree = "<group>"; };
		0CFCB7412A78013E0009A829 /* Nft.swift */ = {isa = PBXFileReference; lastKnownFileType = sourcecode.swift; path = Nft.swift; sourceTree = "<group>"; };
		0CFCB7432A7802440009A829 /* NftDetailInput.swift */ = {isa = PBXFileReference; lastKnownFileType = sourcecode.swift; path = NftDetailInput.swift; sourceTree = "<group>"; };
		0CFCB7452A78064B0009A829 /* NftDetailCellModel.swift */ = {isa = PBXFileReference; lastKnownFileType = sourcecode.swift; path = NftDetailCellModel.swift; sourceTree = "<group>"; };
		0CFCB7482A7808900009A829 /* TestCatalogController.swift */ = {isa = PBXFileReference; lastKnownFileType = sourcecode.swift; path = TestCatalogController.swift; sourceTree = "<group>"; };
		0CFCB74A2A780EA80009A829 /* UIView+Constraints.swift */ = {isa = PBXFileReference; lastKnownFileType = sourcecode.swift; path = "UIView+Constraints.swift"; sourceTree = "<group>"; };
		0CFCB74D2A7817DC0009A829 /* NftStorage.swift */ = {isa = PBXFileReference; lastKnownFileType = sourcecode.swift; path = NftStorage.swift; sourceTree = "<group>"; };
		0D29345F78CC3FE418A418FA /* Pods-FakeNFT.debug.xcconfig */ = {isa = PBXFileReference; includeInIndex = 1; lastKnownFileType = text.xcconfig; name = "Pods-FakeNFT.debug.xcconfig"; path = "Target Support Files/Pods-FakeNFT/Pods-FakeNFT.debug.xcconfig"; sourceTree = "<group>"; };
		3F478ECE29DB474E00F6D39E /* Colors.swift */ = {isa = PBXFileReference; lastKnownFileType = sourcecode.swift; path = Colors.swift; sourceTree = "<group>"; };
		3F478ED029DB476500F6D39E /* Fonts.swift */ = {isa = PBXFileReference; lastKnownFileType = sourcecode.swift; path = Fonts.swift; sourceTree = "<group>"; };
		3F68069329CBBAF100B4F915 /* FakeNFT.app */ = {isa = PBXFileReference; explicitFileType = wrapper.application; includeInIndex = 0; path = FakeNFT.app; sourceTree = BUILT_PRODUCTS_DIR; };
		3F68069629CBBAF100B4F915 /* AppDelegate.swift */ = {isa = PBXFileReference; lastKnownFileType = sourcecode.swift; path = AppDelegate.swift; sourceTree = "<group>"; };
		3F68069829CBBAF100B4F915 /* SceneDelegate.swift */ = {isa = PBXFileReference; lastKnownFileType = sourcecode.swift; path = SceneDelegate.swift; sourceTree = "<group>"; };
		3F68069A29CBBAF100B4F915 /* ProductDetailsTableViewController.swift */ = {isa = PBXFileReference; lastKnownFileType = sourcecode.swift; path = ProductDetailsTableViewController.swift; sourceTree = "<group>"; };
		3F68069D29CBBAF100B4F915 /* Base */ = {isa = PBXFileReference; lastKnownFileType = file.storyboard; name = Base; path = Base.lproj/Main.storyboard; sourceTree = "<group>"; };
		3F68069F29CBBAF200B4F915 /* Assets.xcassets */ = {isa = PBXFileReference; lastKnownFileType = folder.assetcatalog; path = Assets.xcassets; sourceTree = "<group>"; };
		3F6806A229CBBAF200B4F915 /* Base */ = {isa = PBXFileReference; lastKnownFileType = file.storyboard; name = Base; path = Base.lproj/LaunchScreen.storyboard; sourceTree = "<group>"; };
		3F6806A429CBBAF200B4F915 /* Info.plist */ = {isa = PBXFileReference; lastKnownFileType = text.plist.xml; path = Info.plist; sourceTree = "<group>"; };
		3F6806A929CBBAF200B4F915 /* FakeNFTTests.xctest */ = {isa = PBXFileReference; explicitFileType = wrapper.cfbundle; includeInIndex = 0; path = FakeNFTTests.xctest; sourceTree = BUILT_PRODUCTS_DIR; };
		3F6806AD29CBBAF200B4F915 /* ExampleUnitTests.swift */ = {isa = PBXFileReference; lastKnownFileType = sourcecode.swift; path = ExampleUnitTests.swift; sourceTree = "<group>"; };
		3F6806B329CBBAF200B4F915 /* FakeNFTUITests.xctest */ = {isa = PBXFileReference; explicitFileType = wrapper.cfbundle; includeInIndex = 0; path = FakeNFTUITests.xctest; sourceTree = BUILT_PRODUCTS_DIR; };
		3F6806B729CBBAF200B4F915 /* FakeNFTUITests.swift */ = {isa = PBXFileReference; lastKnownFileType = sourcecode.swift; path = FakeNFTUITests.swift; sourceTree = "<group>"; };
		3F6806D029CBBE6B00B4F915 /* NetworkClient.swift */ = {isa = PBXFileReference; lastKnownFileType = sourcecode.swift; path = NetworkClient.swift; sourceTree = "<group>"; };
		3F6806D229CBBE9600B4F915 /* NetworkRequest.swift */ = {isa = PBXFileReference; lastKnownFileType = sourcecode.swift; path = NetworkRequest.swift; sourceTree = "<group>"; };
		3F6806D429CBBEC700B4F915 /* NetworkTask.swift */ = {isa = PBXFileReference; lastKnownFileType = sourcecode.swift; path = NetworkTask.swift; sourceTree = "<group>"; };
		3F6806D629CBC50A00B4F915 /* CellsReusingUtils.swift */ = {isa = PBXFileReference; lastKnownFileType = sourcecode.swift; path = CellsReusingUtils.swift; sourceTree = "<group>"; };
		3FC8C38A29D242E90081F015 /* ProductDetailsTableViewCell.swift */ = {isa = PBXFileReference; lastKnownFileType = sourcecode.swift; path = ProductDetailsTableViewCell.swift; sourceTree = "<group>"; };
		3FC8C39029D2453B0081F015 /* ExamplePutRequest.swift */ = {isa = PBXFileReference; lastKnownFileType = sourcecode.swift; path = ExamplePutRequest.swift; sourceTree = "<group>"; };
		3FC8C39229D246BA0081F015 /* DateFormatters+Presets.swift */ = {isa = PBXFileReference; lastKnownFileType = sourcecode.swift; path = "DateFormatters+Presets.swift"; sourceTree = "<group>"; };
		46FB4CFBCC35EA25FEA840C0 /* Pods-FakeNFT-FakeNFTUITests.debug.xcconfig */ = {isa = PBXFileReference; includeInIndex = 1; lastKnownFileType = text.xcconfig; name = "Pods-FakeNFT-FakeNFTUITests.debug.xcconfig"; path = "Target Support Files/Pods-FakeNFT-FakeNFTUITests/Pods-FakeNFT-FakeNFTUITests.debug.xcconfig"; sourceTree = "<group>"; };
		4ABD77CA43087E7AD3BFC123 /* Pods_FakeNFTTests.framework */ = {isa = PBXFileReference; explicitFileType = wrapper.framework; includeInIndex = 0; path = Pods_FakeNFTTests.framework; sourceTree = BUILT_PRODUCTS_DIR; };
		558E39E62C68CE0900FB86AC /* NftService.swift */ = {isa = PBXFileReference; lastKnownFileType = sourcecode.swift; path = NftService.swift; sourceTree = "<group>"; };
		5AC154B8566CB76276E119CB /* Pods_FakeNFT.framework */ = {isa = PBXFileReference; explicitFileType = wrapper.framework; includeInIndex = 0; path = Pods_FakeNFT.framework; sourceTree = BUILT_PRODUCTS_DIR; };
		7BD4A8F65D528D82485FF832 /* Pods-FakeNFT.release.xcconfig */ = {isa = PBXFileReference; includeInIndex = 1; lastKnownFileType = text.xcconfig; name = "Pods-FakeNFT.release.xcconfig"; path = "Target Support Files/Pods-FakeNFT/Pods-FakeNFT.release.xcconfig"; sourceTree = "<group>"; };
		84FF0BC42D13219B00EF9ACC /* UserProfileImageView.swift */ = {isa = PBXFileReference; lastKnownFileType = sourcecode.swift; path = UserProfileImageView.swift; sourceTree = "<group>"; };
		84FF0BC82D13225B00EF9ACC /* UserPicCell.swift */ = {isa = PBXFileReference; lastKnownFileType = sourcecode.swift; path = UserPicCell.swift; sourceTree = "<group>"; };
		84FF0BCB2D13230500EF9ACC /* UpdateProfileDto.swift */ = {isa = PBXFileReference; lastKnownFileType = sourcecode.swift; path = UpdateProfileDto.swift; sourceTree = "<group>"; };
		84FF0BCD2D13234F00EF9ACC /* ProfileViewController.swift */ = {isa = PBXFileReference; lastKnownFileType = sourcecode.swift; path = ProfileViewController.swift; sourceTree = "<group>"; };
		84FF0BD02D1323E200EF9ACC /* ProfileService.swift */ = {isa = PBXFileReference; lastKnownFileType = sourcecode.swift; path = ProfileService.swift; sourceTree = "<group>"; };
		84FF0BD32D13246100EF9ACC /* ProfileRouter.swift */ = {isa = PBXFileReference; lastKnownFileType = sourcecode.swift; path = ProfileRouter.swift; sourceTree = "<group>"; };
		84FF0BD62D1324D100EF9ACC /* ProfileRequests.swift */ = {isa = PBXFileReference; lastKnownFileType = sourcecode.swift; path = ProfileRequests.swift; sourceTree = "<group>"; };
		84FF0BD92D13253A00EF9ACC /* ProfileRepository.swift */ = {isa = PBXFileReference; lastKnownFileType = sourcecode.swift; path = ProfileRepository.swift; sourceTree = "<group>"; };
		84FF0BDC2D13259C00EF9ACC /* ProfilePresenter.swift */ = {isa = PBXFileReference; lastKnownFileType = sourcecode.swift; path = ProfilePresenter.swift; sourceTree = "<group>"; };
		84FF0BDE2D13260000EF9ACC /* ProfileCell.swift */ = {isa = PBXFileReference; lastKnownFileType = sourcecode.swift; path = ProfileCell.swift; sourceTree = "<group>"; };
		84FF0BE02D13268900EF9ACC /* Profile.swift */ = {isa = PBXFileReference; lastKnownFileType = sourcecode.swift; path = Profile.swift; sourceTree = "<group>"; };
		84FF0BE22D1326EF00EF9ACC /* EditProfileViewController.swift */ = {isa = PBXFileReference; lastKnownFileType = sourcecode.swift; path = EditProfileViewController.swift; sourceTree = "<group>"; };
		84FF0BE42D13274500EF9ACC /* EditProfileRepository.swift */ = {isa = PBXFileReference; lastKnownFileType = sourcecode.swift; path = EditProfileRepository.swift; sourceTree = "<group>"; };
		84FF0BE62D1327AA00EF9ACC /* EditProfilePresenter.swift */ = {isa = PBXFileReference; lastKnownFileType = sourcecode.swift; path = EditProfilePresenter.swift; sourceTree = "<group>"; };
		84FF0C002D1349DD00EF9ACC /* LocalizationKey.swift */ = {isa = PBXFileReference; lastKnownFileType = sourcecode.swift; path = LocalizationKey.swift; sourceTree = "<group>"; };
		84FF0C0A2D13520B00EF9ACC /* Logger.swift */ = {isa = PBXFileReference; lastKnownFileType = sourcecode.swift; path = Logger.swift; sourceTree = "<group>"; };
		84FF0C0C2D13526500EF9ACC /* NetworkConstants.swift */ = {isa = PBXFileReference; lastKnownFileType = sourcecode.swift; path = NetworkConstants.swift; sourceTree = "<group>"; };
		84FF0C162D13562100EF9ACC /* WebViewWithProgressViewController.swift */ = {isa = PBXFileReference; lastKnownFileType = sourcecode.swift; path = WebViewWithProgressViewController.swift; sourceTree = "<group>"; };
		84FF0C182D13564F00EF9ACC /* WebViewController.swift */ = {isa = PBXFileReference; lastKnownFileType = sourcecode.swift; path = WebViewController.swift; sourceTree = "<group>"; };
		84FF0C1E2D13570D00EF9ACC /* UIView+Extension.swift */ = {isa = PBXFileReference; lastKnownFileType = sourcecode.swift; path = "UIView+Extension.swift"; sourceTree = "<group>"; };
		84FF0C242D13577C00EF9ACC /* UIConstants.swift */ = {isa = PBXFileReference; lastKnownFileType = sourcecode.swift; path = UIConstants.swift; sourceTree = "<group>"; };
		84FF0C2A2D135A9B00EF9ACC /* UserDefaults+Extensio.swift */ = {isa = PBXFileReference; lastKnownFileType = sourcecode.swift; path = "UserDefaults+Extensio.swift"; sourceTree = "<group>"; };
		84FF0C2C2D135AE000EF9ACC /* GlobalFunc.swift */ = {isa = PBXFileReference; lastKnownFileType = sourcecode.swift; path = GlobalFunc.swift; sourceTree = "<group>"; };
		84FF0C2E2D135B1600EF9ACC /* GeometricParams.swift */ = {isa = PBXFileReference; lastKnownFileType = sourcecode.swift; path = GeometricParams.swift; sourceTree = "<group>"; };
		84FF0C302D135B4B00EF9ACC /* Notification+Extension.swift */ = {isa = PBXFileReference; lastKnownFileType = sourcecode.swift; path = "Notification+Extension.swift"; sourceTree = "<group>"; };
		84FF0C322D135B8300EF9ACC /* LikeButtonView.swift */ = {isa = PBXFileReference; lastKnownFileType = sourcecode.swift; path = LikeButtonView.swift; sourceTree = "<group>"; };
		84FF0C342D135BC200EF9ACC /* NftImageView.swift */ = {isa = PBXFileReference; lastKnownFileType = sourcecode.swift; path = NftImageView.swift; sourceTree = "<group>"; };
		84FF0C362D135BF100EF9ACC /* Placeholder.swift */ = {isa = PBXFileReference; lastKnownFileType = sourcecode.swift; path = Placeholder.swift; sourceTree = "<group>"; };
		84FF0C382D135C2C00EF9ACC /*  ShimmerView.swift */ = {isa = PBXFileReference; lastKnownFileType = sourcecode.swift; path = " ShimmerView.swift"; sourceTree = "<group>"; };
		84FF0C3B2D135C8200EF9ACC /* ConfigureTableViewCellHelper.swift */ = {isa = PBXFileReference; lastKnownFileType = sourcecode.swift; path = ConfigureTableViewCellHelper.swift; sourceTree = "<group>"; };
		84FF0C3D2D135CD000EF9ACC /* TableViewHeaderAndFooterHelper.swift */ = {isa = PBXFileReference; lastKnownFileType = sourcecode.swift; path = TableViewHeaderAndFooterHelper.swift; sourceTree = "<group>"; };
		84FF0C3F2D135D3600EF9ACC /* ShimmerCollectionViewCell.swift */ = {isa = PBXFileReference; lastKnownFileType = sourcecode.swift; path = ShimmerCollectionViewCell.swift; sourceTree = "<group>"; };
		84FF0C412D135EB700EF9ACC /* TextViewCell.swift */ = {isa = PBXFileReference; lastKnownFileType = sourcecode.swift; path = TextViewCell.swift; sourceTree = "<group>"; };
		84FF0C432D135FBD00EF9ACC /* ProfileBuilder.swift */ = {isa = PBXFileReference; lastKnownFileType = sourcecode.swift; path = ProfileBuilder.swift; sourceTree = "<group>"; };
		84FF0C462D13601C00EF9ACC /* NftCellProtocol.swift */ = {isa = PBXFileReference; lastKnownFileType = sourcecode.swift; path = NftCellProtocol.swift; sourceTree = "<group>"; };
		84FF0C4C2D1367A900EF9ACC /* NFT.swift */ = {isa = PBXFileReference; lastKnownFileType = sourcecode.swift; path = NFT.swift; sourceTree = "<group>"; };
		84FF0C662D136BB100EF9ACC /* Statistic.swift */ = {isa = PBXFileReference; lastKnownFileType = sourcecode.swift; path = Statistic.swift; sourceTree = "<group>"; };
		84FF0CA12D14489B00EF9ACC /* MyNftHelper.swift */ = {isa = PBXFileReference; lastKnownFileType = sourcecode.swift; path = MyNftHelper.swift; sourceTree = "<group>"; };
		84FF0D112D19C13800EF9ACC /* BaurasDecompositionProfil.md */ = {isa = PBXFileReference; lastKnownFileType = net.daringfireball.markdown; path = BaurasDecompositionProfil.md; sourceTree = "<group>"; };
		84FF0D5B2D1CAE2F00EF9ACC /* MyNftStorage.swift */ = {isa = PBXFileReference; lastKnownFileType = sourcecode.swift; path = MyNftStorage.swift; sourceTree = "<group>"; };
		84FF0D5D2D1CAEC200EF9ACC /* MyNftViewController.swift */ = {isa = PBXFileReference; lastKnownFileType = sourcecode.swift; path = MyNftViewController.swift; sourceTree = "<group>"; };
		84FF0D5F2D1CAF9D00EF9ACC /* MyNftPresenter.swift */ = {isa = PBXFileReference; lastKnownFileType = sourcecode.swift; path = MyNftPresenter.swift; sourceTree = "<group>"; };
		84FF0D612D1CB00600EF9ACC /* MyNftRepository.swift */ = {isa = PBXFileReference; lastKnownFileType = sourcecode.swift; path = MyNftRepository.swift; sourceTree = "<group>"; };
		84FF0D632D1CB03E00EF9ACC /* MyNftService.swift */ = {isa = PBXFileReference; lastKnownFileType = sourcecode.swift; path = MyNftService.swift; sourceTree = "<group>"; };
		84FF0D652D1CB0D200EF9ACC /* MyNftCell.swift */ = {isa = PBXFileReference; lastKnownFileType = sourcecode.swift; path = MyNftCell.swift; sourceTree = "<group>"; };
		84FF0D672D1CB1F600EF9ACC /* NftLikeService.swift */ = {isa = PBXFileReference; lastKnownFileType = sourcecode.swift; path = NftLikeService.swift; sourceTree = "<group>"; };
		84FF0D692D1CB25300EF9ACC /* NftRequest.swift */ = {isa = PBXFileReference; lastKnownFileType = sourcecode.swift; path = NftRequest.swift; sourceTree = "<group>"; };
		8AF91C472D0B6DFF006448B8 /* TestCartViewController.swift */ = {isa = PBXFileReference; lastKnownFileType = sourcecode.swift; path = TestCartViewController.swift; sourceTree = "<group>"; };
		8AF91C4A2D0B6E38006448B8 /* TestStatisticsViewController.swift */ = {isa = PBXFileReference; lastKnownFileType = sourcecode.swift; path = TestStatisticsViewController.swift; sourceTree = "<group>"; };
		BD79DB3064D5DA1BE452D6E7 /* Pods-FakeNFTTests.debug.xcconfig */ = {isa = PBXFileReference; includeInIndex = 1; lastKnownFileType = text.xcconfig; name = "Pods-FakeNFTTests.debug.xcconfig"; path = "Target Support Files/Pods-FakeNFTTests/Pods-FakeNFTTests.debug.xcconfig"; sourceTree = "<group>"; };
		DA6B35470AABE6E423D28358 /* Pods-FakeNFT-FakeNFTUITests.release.xcconfig */ = {isa = PBXFileReference; includeInIndex = 1; lastKnownFileType = text.xcconfig; name = "Pods-FakeNFT-FakeNFTUITests.release.xcconfig"; path = "Target Support Files/Pods-FakeNFT-FakeNFTUITests/Pods-FakeNFT-FakeNFTUITests.release.xcconfig"; sourceTree = "<group>"; };
		E19CD5AA2A98B56600CA39A5 /* NftImageCollectionViewCell.swift */ = {isa = PBXFileReference; lastKnownFileType = sourcecode.swift; path = NftImageCollectionViewCell.swift; sourceTree = "<group>"; };
		E1A1B9D92AA01CE400C3AFBC /* TabBarController.swift */ = {isa = PBXFileReference; lastKnownFileType = sourcecode.swift; path = TabBarController.swift; sourceTree = "<group>"; };
		E1CD40D82A96BE7D00BE7FE8 /* ru */ = {isa = PBXFileReference; lastKnownFileType = text.plist.strings; name = ru; path = ru.lproj/Main.strings; sourceTree = "<group>"; };
		E1CD40D92A96BE7D00BE7FE8 /* ru */ = {isa = PBXFileReference; lastKnownFileType = text.plist.strings; name = ru; path = ru.lproj/LaunchScreen.strings; sourceTree = "<group>"; };
		E1CD40DB2A96BECC00BE7FE8 /* Localizable.strings */ = {isa = PBXFileReference; lastKnownFileType = text.plist.strings; path = Localizable.strings; sourceTree = "<group>"; };
/* End PBXFileReference section */

/* Begin PBXFileSystemSynchronizedRootGroup section */
		43FB21842D0F208A004DAD8C /* Cart */ = {isa = PBXFileSystemSynchronizedRootGroup; explicitFileTypes = {}; explicitFolders = (); path = Cart; sourceTree = "<group>"; };
/* End PBXFileSystemSynchronizedRootGroup section */

/* Begin PBXFrameworksBuildPhase section */
		3F68069029CBBAF100B4F915 /* Frameworks */ = {
			isa = PBXFrameworksBuildPhase;
			buildActionMask = 2147483647;
			files = (
				3F603CD029DB4A74000C43D7 /* Kingfisher in Frameworks */,
				3F603CCD29DB4A53000C43D7 /* ProgressHUD in Frameworks */,
				60ED9763CE34E87E867E6555 /* Pods_FakeNFT.framework in Frameworks */,
			);
			runOnlyForDeploymentPostprocessing = 0;
		};
		3F6806A629CBBAF200B4F915 /* Frameworks */ = {
			isa = PBXFrameworksBuildPhase;
			buildActionMask = 2147483647;
			files = (
				CACEA460A823729E26FD528C /* Pods_FakeNFTTests.framework in Frameworks */,
			);
			runOnlyForDeploymentPostprocessing = 0;
		};
		3F6806B029CBBAF200B4F915 /* Frameworks */ = {
			isa = PBXFrameworksBuildPhase;
			buildActionMask = 2147483647;
			files = (
				E073BBD55AAEBA57FEAD56FB /* Pods_FakeNFT_FakeNFTUITests.framework in Frameworks */,
			);
			runOnlyForDeploymentPostprocessing = 0;
		};
/* End PBXFrameworksBuildPhase section */

/* Begin PBXGroup section */
		0C79EE642A76DDCF00EE90EA /* NftDetails */ = {
			isa = PBXGroup;
			children = (
				E19CD5A92A98B55900CA39A5 /* Cell */,
				0C79EE652A76DDFF00EE90EA /* NftDetailViewController.swift */,
				0C79EE672A76DE0900EE90EA /* NftDetailPresenter.swift */,
				0C79EE692A76DE1000EE90EA /* NftDetailAssembly.swift */,
				0CFCB7432A7802440009A829 /* NftDetailInput.swift */,
			);
			path = NftDetails;
			sourceTree = "<group>";
		};
		0CF2C2D92A783C1600FDC837 /* Common */ = {
			isa = PBXGroup;
			children = (
				0CF2C2DE2A784C4C00FDC837 /* Protocols */,
				0CF2C2DF2A784C5600FDC837 /* Views */,
			);
			path = Common;
			sourceTree = "<group>";
		};
		0CF2C2DE2A784C4C00FDC837 /* Protocols */ = {
			isa = PBXGroup;
			children = (
				0CF2C2DA2A783C1B00FDC837 /* LoadingView.swift */,
				0CF2C2DC2A783CE600FDC837 /* ErrorView.swift */,
			);
			path = Protocols;
			sourceTree = "<group>";
		};
		0CF2C2DF2A784C5600FDC837 /* Views */ = {
			isa = PBXGroup;
			children = (
				0CF2C2E02A784C7000FDC837 /* LinePageControl.swift */,
				84FF0BC42D13219B00EF9ACC /* UserProfileImageView.swift */,
				84FF0C162D13562100EF9ACC /* WebViewWithProgressViewController.swift */,
				84FF0C182D13564F00EF9ACC /* WebViewController.swift */,
				84FF0C1E2D13570D00EF9ACC /* UIView+Extension.swift */,
				84FF0C322D135B8300EF9ACC /* LikeButtonView.swift */,
				84FF0C342D135BC200EF9ACC /* NftImageView.swift */,
				84FF0C362D135BF100EF9ACC /* Placeholder.swift */,
				84FF0C382D135C2C00EF9ACC /*  ShimmerView.swift */,
			);
			path = Views;
			sourceTree = "<group>";
		};
		0CFCB7472A7808870009A829 /* Catalog */ = {
			isa = PBXGroup;
			children = (
				0CFCB7482A7808900009A829 /* TestCatalogController.swift */,
			);
			path = Catalog;
			sourceTree = "<group>";
		};
		0CFCB74C2A7817C30009A829 /* MemoryStorage */ = {
			isa = PBXGroup;
			children = (
				0CFCB74D2A7817DC0009A829 /* NftStorage.swift */,
				84FF0D5B2D1CAE2F00EF9ACC /* MyNftStorage.swift */,
			);
			path = MemoryStorage;
			sourceTree = "<group>";
		};
		3F478ECD29DB473000F6D39E /* DesignSystem */ = {
			isa = PBXGroup;
			children = (
				3F478ECE29DB474E00F6D39E /* Colors.swift */,
				3F478ED029DB476500F6D39E /* Fonts.swift */,
				84FF0C242D13577C00EF9ACC /* UIConstants.swift */,
			);
			path = DesignSystem;
			sourceTree = "<group>";
		};
		3F68068A29CBBAF100B4F915 = {
			isa = PBXGroup;
			children = (
				3F68069529CBBAF100B4F915 /* FakeNFT */,
				3F6806AC29CBBAF200B4F915 /* FakeNFTTests */,
				3F6806B629CBBAF200B4F915 /* FakeNFTUITests */,
				3F68069429CBBAF100B4F915 /* Products */,
				568E3FD8E3EDCBE8BD835F2A /* Pods */,
				C5B2C048B8E3FDBBBB6528F1 /* Frameworks */,
			);
			sourceTree = "<group>";
		};
		3F68069429CBBAF100B4F915 /* Products */ = {
			isa = PBXGroup;
			children = (
				3F68069329CBBAF100B4F915 /* FakeNFT.app */,
				3F6806A929CBBAF200B4F915 /* FakeNFTTests.xctest */,
				3F6806B329CBBAF200B4F915 /* FakeNFTUITests.xctest */,
			);
			name = Products;
			sourceTree = "<group>";
		};
		3F68069529CBBAF100B4F915 /* FakeNFT */ = {
			isa = PBXGroup;
			children = (
				84FF0BC12D131F3E00EF9ACC /* Docs */,
				3F68069629CBBAF100B4F915 /* AppDelegate.swift */,
				3F68069829CBBAF100B4F915 /* SceneDelegate.swift */,
				E1CD40DA2A96BE9B00BE7FE8 /* Resources */,
				3F478ECD29DB473000F6D39E /* DesignSystem */,
				3F6806CE29CBBD1B00B4F915 /* Foundation */,
				3F6806C929CBBCAF00B4F915 /* Models */,
				3F6806C729CBBC5B00B4F915 /* Scenes  */,
				3F6806C629CBBC4E00B4F915 /* Services */,
				3F6806A429CBBAF200B4F915 /* Info.plist */,
			);
			path = FakeNFT;
			sourceTree = "<group>";
		};
		3F6806AC29CBBAF200B4F915 /* FakeNFTTests */ = {
			isa = PBXGroup;
			children = (
				3F6806AD29CBBAF200B4F915 /* ExampleUnitTests.swift */,
			);
			path = FakeNFTTests;
			sourceTree = "<group>";
		};
		3F6806B629CBBAF200B4F915 /* FakeNFTUITests */ = {
			isa = PBXGroup;
			children = (
				3F6806B729CBBAF200B4F915 /* FakeNFTUITests.swift */,
			);
			path = FakeNFTUITests;
			sourceTree = "<group>";
		};
		3F6806C629CBBC4E00B4F915 /* Services */ = {
			isa = PBXGroup;
			children = (
				43FB21842D0F208A004DAD8C /* Cart */,
				3FC8C38F29D245250081F015 /* Requests */,
				0C79EE6B2A76DE2E00EE90EA /* ServicesAssemly.swift */,
				558E39E62C68CE0900FB86AC /* NftService.swift */,
				0CFCB73F2A78002A0009A829 /* ExamplePutService.swift */,
			);
			path = Services;
			sourceTree = "<group>";
		};
		3F6806C729CBBC5B00B4F915 /* Scenes  */ = {
			isa = PBXGroup;
			children = (
				E1A1B9D82AA01C9700C3AFBC /* TabBarController */,
				0CF2C2D92A783C1600FDC837 /* Common */,
				8AF91C432D0B6DB0006448B8 /* Profile */,
				0CFCB7472A7808870009A829 /* Catalog */,
				8AF91C462D0B6DE7006448B8 /* Cart */,
				8AF91C492D0B6E1D006448B8 /* Statistics */,
				0C79EE642A76DDCF00EE90EA /* NftDetails */,
				3F6806C829CBBC8100B4F915 /* ProductDetails */,
			);
			path = "Scenes ";
			sourceTree = "<group>";
		};
		3F6806C829CBBC8100B4F915 /* ProductDetails */ = {
			isa = PBXGroup;
			children = (
				3F68069A29CBBAF100B4F915 /* ProductDetailsTableViewController.swift */,
				3FC8C38A29D242E90081F015 /* ProductDetailsTableViewCell.swift */,
			);
			path = ProductDetails;
			sourceTree = "<group>";
		};
		3F6806C929CBBCAF00B4F915 /* Models */ = {
			isa = PBXGroup;
			children = (
				3F6806D829CC979D00B4F915 /* Network */,
				84FF0C4C2D1367A900EF9ACC /* NFT.swift */,
			);
			path = Models;
			sourceTree = "<group>";
		};
		3F6806CE29CBBD1B00B4F915 /* Foundation */ = {
			isa = PBXGroup;
			children = (
				0CFCB74C2A7817C30009A829 /* MemoryStorage */,
				3F6806CF29CBBDB100B4F915 /* NetworkClient */,
				3F6806D629CBC50A00B4F915 /* CellsReusingUtils.swift */,
				3FC8C39229D246BA0081F015 /* DateFormatters+Presets.swift */,
				0CFCB74A2A780EA80009A829 /* UIView+Constraints.swift */,
				84FF0C002D1349DD00EF9ACC /* LocalizationKey.swift */,
				84FF0C0A2D13520B00EF9ACC /* Logger.swift */,
				84FF0C2A2D135A9B00EF9ACC /* UserDefaults+Extensio.swift */,
			);
			path = Foundation;
			sourceTree = "<group>";
		};
		3F6806CF29CBBDB100B4F915 /* NetworkClient */ = {
			isa = PBXGroup;
			children = (
				3F6806D029CBBE6B00B4F915 /* NetworkClient.swift */,
				3F6806D229CBBE9600B4F915 /* NetworkRequest.swift */,
				3F6806D429CBBEC700B4F915 /* NetworkTask.swift */,
			);
			path = NetworkClient;
			sourceTree = "<group>";
		};
		3F6806D829CC979D00B4F915 /* Network */ = {
			isa = PBXGroup;
			children = (
				0CFCB7412A78013E0009A829 /* Nft.swift */,
				84FF0BE02D13268900EF9ACC /* Profile.swift */,
			);
			path = Network;
			sourceTree = "<group>";
		};
		3FC8C38F29D245250081F015 /* Requests */ = {
			isa = PBXGroup;
			children = (
				0C79EE622A76DD1900EE90EA /* RequestConstants.swift */,
				3FC8C39029D2453B0081F015 /* ExamplePutRequest.swift */,
				0C79EE602A76DCD600EE90EA /* NftByIdRequest.swift */,
			);
			path = Requests;
			sourceTree = "<group>";
		};
		568E3FD8E3EDCBE8BD835F2A /* Pods */ = {
			isa = PBXGroup;
			children = (
				0D29345F78CC3FE418A418FA /* Pods-FakeNFT.debug.xcconfig */,
				7BD4A8F65D528D82485FF832 /* Pods-FakeNFT.release.xcconfig */,
				46FB4CFBCC35EA25FEA840C0 /* Pods-FakeNFT-FakeNFTUITests.debug.xcconfig */,
				DA6B35470AABE6E423D28358 /* Pods-FakeNFT-FakeNFTUITests.release.xcconfig */,
				BD79DB3064D5DA1BE452D6E7 /* Pods-FakeNFTTests.debug.xcconfig */,
				0222568CE37BB11DC6ED31B2 /* Pods-FakeNFTTests.release.xcconfig */,
			);
			path = Pods;
			sourceTree = "<group>";
		};
		84FF0BC12D131F3E00EF9ACC /* Docs */ = {
			isa = PBXGroup;
			children = (
				84FF0D112D19C13800EF9ACC /* BaurasDecompositionProfil.md */,
			);
			path = Docs;
			sourceTree = "<group>";
		};
		84FF0BC62D13222C00EF9ACC /* View */ = {
			isa = PBXGroup;
			children = (
				84FF0BCD2D13234F00EF9ACC /* ProfileViewController.swift */,
				84FF0BE22D1326EF00EF9ACC /* EditProfileViewController.swift */,
				84FF0D5D2D1CAEC200EF9ACC /* MyNftViewController.swift */,
				84FF0BC72D13223600EF9ACC /* Cells */,
			);
			path = View;
			sourceTree = "<group>";
		};
		84FF0BC72D13223600EF9ACC /* Cells */ = {
			isa = PBXGroup;
			children = (
				84FF0BC82D13225B00EF9ACC /* UserPicCell.swift */,
				84FF0BDE2D13260000EF9ACC /* ProfileCell.swift */,
				84FF0C3F2D135D3600EF9ACC /* ShimmerCollectionViewCell.swift */,
				84FF0C412D135EB700EF9ACC /* TextViewCell.swift */,
				84FF0D652D1CB0D200EF9ACC /* MyNftCell.swift */,
			);
			path = Cells;
			sourceTree = "<group>";
		};
		84FF0BCA2D1322F600EF9ACC /* Model */ = {
			isa = PBXGroup;
			children = (
				84FF0BCB2D13230500EF9ACC /* UpdateProfileDto.swift */,
				84FF0C432D135FBD00EF9ACC /* ProfileBuilder.swift */,
			);
			path = Model;
			sourceTree = "<group>";
		};
		84FF0BCF2D1323D600EF9ACC /* Services */ = {
			isa = PBXGroup;
			children = (
				84FF0BD52D1324C200EF9ACC /* Requests */,
				84FF0BD02D1323E200EF9ACC /* ProfileService.swift */,
				84FF0D632D1CB03E00EF9ACC /* MyNftService.swift */,
				84FF0D672D1CB1F600EF9ACC /* NftLikeService.swift */,
			);
			path = Services;
			sourceTree = "<group>";
		};
		84FF0BD22D13245500EF9ACC /* Router */ = {
			isa = PBXGroup;
			children = (
				84FF0BD32D13246100EF9ACC /* ProfileRouter.swift */,
			);
			path = Router;
			sourceTree = "<group>";
		};
		84FF0BD52D1324C200EF9ACC /* Requests */ = {
			isa = PBXGroup;
			children = (
				84FF0BD62D1324D100EF9ACC /* ProfileRequests.swift */,
				84FF0D692D1CB25300EF9ACC /* NftRequest.swift */,
			);
			path = Requests;
			sourceTree = "<group>";
		};
		84FF0BD82D13252700EF9ACC /* Repository */ = {
			isa = PBXGroup;
			children = (
				84FF0BD92D13253A00EF9ACC /* ProfileRepository.swift */,
				84FF0BE42D13274500EF9ACC /* EditProfileRepository.swift */,
				84FF0D612D1CB00600EF9ACC /* MyNftRepository.swift */,
			);
			path = Repository;
			sourceTree = "<group>";
		};
		84FF0BDB2D13258D00EF9ACC /* Presenter */ = {
			isa = PBXGroup;
			children = (
				84FF0BDC2D13259C00EF9ACC /* ProfilePresenter.swift */,
				84FF0BE62D1327AA00EF9ACC /* EditProfilePresenter.swift */,
				84FF0D5F2D1CAF9D00EF9ACC /* MyNftPresenter.swift */,
			);
			path = Presenter;
			sourceTree = "<group>";
		};
		84FF0C3A2D135C7200EF9ACC /* Helpers */ = {
			isa = PBXGroup;
			children = (
				84FF0C3B2D135C8200EF9ACC /* ConfigureTableViewCellHelper.swift */,
				84FF0C3D2D135CD000EF9ACC /* TableViewHeaderAndFooterHelper.swift */,
				84FF0CA12D14489B00EF9ACC /* MyNftHelper.swift */,
			);
			path = Helpers;
			sourceTree = "<group>";
		};
		84FF0C452D13600D00EF9ACC /* Protocols */ = {
			isa = PBXGroup;
			children = (
				84FF0C462D13601C00EF9ACC /* NftCellProtocol.swift */,
			);
			path = Protocols;
			sourceTree = "<group>";
		};
		84FF0C682D136BBC00EF9ACC /* Statistic */ = {
			isa = PBXGroup;
			children = (
				84FF0C662D136BB100EF9ACC /* Statistic.swift */,
			);
			path = Statistic;
			sourceTree = "<group>";
		};
		8AF91C432D0B6DB0006448B8 /* Profile */ = {
			isa = PBXGroup;
			children = (
				84FF0C682D136BBC00EF9ACC /* Statistic */,
				84FF0C452D13600D00EF9ACC /* Protocols */,
				84FF0C3A2D135C7200EF9ACC /* Helpers */,
				84FF0BDB2D13258D00EF9ACC /* Presenter */,
				84FF0BD82D13252700EF9ACC /* Repository */,
				84FF0BD22D13245500EF9ACC /* Router */,
				84FF0BCF2D1323D600EF9ACC /* Services */,
				84FF0BCA2D1322F600EF9ACC /* Model */,
				84FF0BC62D13222C00EF9ACC /* View */,
				84FF0C0C2D13526500EF9ACC /* NetworkConstants.swift */,
				84FF0C2C2D135AE000EF9ACC /* GlobalFunc.swift */,
				84FF0C302D135B4B00EF9ACC /* Notification+Extension.swift */,
				84FF0C2E2D135B1600EF9ACC /* GeometricParams.swift */,
			);
			path = Profile;
			sourceTree = "<group>";
		};
		8AF91C462D0B6DE7006448B8 /* Cart */ = {
			isa = PBXGroup;
			children = (
				8AF91C472D0B6DFF006448B8 /* TestCartViewController.swift */,
			);
			path = Cart;
			sourceTree = "<group>";
		};
		8AF91C492D0B6E1D006448B8 /* Statistics */ = {
			isa = PBXGroup;
			children = (
				8AF91C4A2D0B6E38006448B8 /* TestStatisticsViewController.swift */,
			);
			path = Statistics;
			sourceTree = "<group>";
		};
		C5B2C048B8E3FDBBBB6528F1 /* Frameworks */ = {
			isa = PBXGroup;
			children = (
				5AC154B8566CB76276E119CB /* Pods_FakeNFT.framework */,
				0009E44AF561C545F91DE34C /* Pods_FakeNFT_FakeNFTUITests.framework */,
				4ABD77CA43087E7AD3BFC123 /* Pods_FakeNFTTests.framework */,
			);
			name = Frameworks;
			sourceTree = "<group>";
		};
		E19CD5A92A98B55900CA39A5 /* Cell */ = {
			isa = PBXGroup;
			children = (
				0CFCB7452A78064B0009A829 /* NftDetailCellModel.swift */,
				E19CD5AA2A98B56600CA39A5 /* NftImageCollectionViewCell.swift */,
			);
			path = Cell;
			sourceTree = "<group>";
		};
		E1A1B9D82AA01C9700C3AFBC /* TabBarController */ = {
			isa = PBXGroup;
			children = (
				E1A1B9D92AA01CE400C3AFBC /* TabBarController.swift */,
			);
			path = TabBarController;
			sourceTree = "<group>";
		};
		E1CD40DA2A96BE9B00BE7FE8 /* Resources */ = {
			isa = PBXGroup;
			children = (
				3F68069C29CBBAF100B4F915 /* Main.storyboard */,
				3F68069F29CBBAF200B4F915 /* Assets.xcassets */,
				3F6806A129CBBAF200B4F915 /* LaunchScreen.storyboard */,
				E1CD40DB2A96BECC00BE7FE8 /* Localizable.strings */,
			);
			path = Resources;
			sourceTree = "<group>";
		};
/* End PBXGroup section */

/* Begin PBXNativeTarget section */
		3F68069229CBBAF100B4F915 /* FakeNFT */ = {
			isa = PBXNativeTarget;
			buildConfigurationList = 3F6806BD29CBBAF200B4F915 /* Build configuration list for PBXNativeTarget "FakeNFT" */;
			buildPhases = (
				5FF821B97DD90957442B1293 /* [CP] Check Pods Manifest.lock */,
				8A1F14672D0E300F00720662 /* Run SwiftGen */,
				3F68068F29CBBAF100B4F915 /* Sources */,
				3F68069029CBBAF100B4F915 /* Frameworks */,
				3F68069129CBBAF100B4F915 /* Resources */,
			);
			buildRules = (
			);
			dependencies = (
			);
			fileSystemSynchronizedGroups = (
				43FB21842D0F208A004DAD8C /* Cart */,
			);
			name = FakeNFT;
			packageProductDependencies = (
				3F603CCC29DB4A53000C43D7 /* ProgressHUD */,
				3F603CCF29DB4A74000C43D7 /* Kingfisher */,
			);
			productName = FakeNFT;
			productReference = 3F68069329CBBAF100B4F915 /* FakeNFT.app */;
			productType = "com.apple.product-type.application";
		};
		3F6806A829CBBAF200B4F915 /* FakeNFTTests */ = {
			isa = PBXNativeTarget;
			buildConfigurationList = 3F6806C029CBBAF200B4F915 /* Build configuration list for PBXNativeTarget "FakeNFTTests" */;
			buildPhases = (
				5AB489D57AC79B5976765C32 /* [CP] Check Pods Manifest.lock */,
				3F6806A529CBBAF200B4F915 /* Sources */,
				3F6806A629CBBAF200B4F915 /* Frameworks */,
				3F6806A729CBBAF200B4F915 /* Resources */,
			);
			buildRules = (
			);
			dependencies = (
				3F6806AB29CBBAF200B4F915 /* PBXTargetDependency */,
			);
			name = FakeNFTTests;
			productName = FakeNFTTests;
			productReference = 3F6806A929CBBAF200B4F915 /* FakeNFTTests.xctest */;
			productType = "com.apple.product-type.bundle.unit-test";
		};
		3F6806B229CBBAF200B4F915 /* FakeNFTUITests */ = {
			isa = PBXNativeTarget;
			buildConfigurationList = 3F6806C329CBBAF200B4F915 /* Build configuration list for PBXNativeTarget "FakeNFTUITests" */;
			buildPhases = (
				5BA06DA28F554EB32493EB9C /* [CP] Check Pods Manifest.lock */,
				3F6806AF29CBBAF200B4F915 /* Sources */,
				3F6806B029CBBAF200B4F915 /* Frameworks */,
				3F6806B129CBBAF200B4F915 /* Resources */,
			);
			buildRules = (
			);
			dependencies = (
				3F6806B529CBBAF200B4F915 /* PBXTargetDependency */,
			);
			name = FakeNFTUITests;
			productName = FakeNFTUITests;
			productReference = 3F6806B329CBBAF200B4F915 /* FakeNFTUITests.xctest */;
			productType = "com.apple.product-type.bundle.ui-testing";
		};
/* End PBXNativeTarget section */

/* Begin PBXProject section */
		3F68068B29CBBAF100B4F915 /* Project object */ = {
			isa = PBXProject;
			attributes = {
				BuildIndependentTargetsInParallel = 1;
				LastSwiftUpdateCheck = 1420;
				LastUpgradeCheck = 1420;
				TargetAttributes = {
					3F68069229CBBAF100B4F915 = {
						CreatedOnToolsVersion = 14.2;
					};
					3F6806A829CBBAF200B4F915 = {
						CreatedOnToolsVersion = 14.2;
						TestTargetID = 3F68069229CBBAF100B4F915;
					};
					3F6806B229CBBAF200B4F915 = {
						CreatedOnToolsVersion = 14.2;
						TestTargetID = 3F68069229CBBAF100B4F915;
					};
				};
			};
			buildConfigurationList = 3F68068E29CBBAF100B4F915 /* Build configuration list for PBXProject "FakeNFT" */;
			compatibilityVersion = "Xcode 14.0";
			developmentRegion = ru;
			hasScannedForEncodings = 0;
			knownRegions = (
				en,
				Base,
				ru,
			);
			mainGroup = 3F68068A29CBBAF100B4F915;
			packageReferences = (
				3F603CCB29DB4A53000C43D7 /* XCRemoteSwiftPackageReference "ProgressHUD" */,
				3F603CCE29DB4A74000C43D7 /* XCRemoteSwiftPackageReference "Kingfisher" */,
			);
			productRefGroup = 3F68069429CBBAF100B4F915 /* Products */;
			projectDirPath = "";
			projectRoot = "";
			targets = (
				3F68069229CBBAF100B4F915 /* FakeNFT */,
				3F6806A829CBBAF200B4F915 /* FakeNFTTests */,
				3F6806B229CBBAF200B4F915 /* FakeNFTUITests */,
			);
		};
/* End PBXProject section */

/* Begin PBXResourcesBuildPhase section */
		3F68069129CBBAF100B4F915 /* Resources */ = {
			isa = PBXResourcesBuildPhase;
			buildActionMask = 2147483647;
			files = (
				3F6806A329CBBAF200B4F915 /* LaunchScreen.storyboard in Resources */,
				E1CD40DC2A96BECC00BE7FE8 /* Localizable.strings in Resources */,
				3F6806A029CBBAF200B4F915 /* Assets.xcassets in Resources */,
				3F68069E29CBBAF100B4F915 /* Main.storyboard in Resources */,
				84FF0D122D19C13800EF9ACC /* BaurasDecompositionProfil.md in Resources */,
			);
			runOnlyForDeploymentPostprocessing = 0;
		};
		3F6806A729CBBAF200B4F915 /* Resources */ = {
			isa = PBXResourcesBuildPhase;
			buildActionMask = 2147483647;
			files = (
			);
			runOnlyForDeploymentPostprocessing = 0;
		};
		3F6806B129CBBAF200B4F915 /* Resources */ = {
			isa = PBXResourcesBuildPhase;
			buildActionMask = 2147483647;
			files = (
			);
			runOnlyForDeploymentPostprocessing = 0;
		};
/* End PBXResourcesBuildPhase section */

/* Begin PBXShellScriptBuildPhase section */
		5AB489D57AC79B5976765C32 /* [CP] Check Pods Manifest.lock */ = {
			isa = PBXShellScriptBuildPhase;
			buildActionMask = 2147483647;
			files = (
			);
			inputFileListPaths = (
			);
			inputPaths = (
				"${PODS_PODFILE_DIR_PATH}/Podfile.lock",
				"${PODS_ROOT}/Manifest.lock",
			);
			name = "[CP] Check Pods Manifest.lock";
			outputFileListPaths = (
			);
			outputPaths = (
				"$(DERIVED_FILE_DIR)/Pods-FakeNFTTests-checkManifestLockResult.txt",
			);
			runOnlyForDeploymentPostprocessing = 0;
			shellPath = /bin/sh;
			shellScript = "diff \"${PODS_PODFILE_DIR_PATH}/Podfile.lock\" \"${PODS_ROOT}/Manifest.lock\" > /dev/null\nif [ $? != 0 ] ; then\n    # print error to STDERR\n    echo \"error: The sandbox is not in sync with the Podfile.lock. Run 'pod install' or update your CocoaPods installation.\" >&2\n    exit 1\nfi\n# This output is used by Xcode 'outputs' to avoid re-running this script phase.\necho \"SUCCESS\" > \"${SCRIPT_OUTPUT_FILE_0}\"\n";
			showEnvVarsInLog = 0;
		};
		5BA06DA28F554EB32493EB9C /* [CP] Check Pods Manifest.lock */ = {
			isa = PBXShellScriptBuildPhase;
			buildActionMask = 2147483647;
			files = (
			);
			inputFileListPaths = (
			);
			inputPaths = (
				"${PODS_PODFILE_DIR_PATH}/Podfile.lock",
				"${PODS_ROOT}/Manifest.lock",
			);
			name = "[CP] Check Pods Manifest.lock";
			outputFileListPaths = (
			);
			outputPaths = (
				"$(DERIVED_FILE_DIR)/Pods-FakeNFT-FakeNFTUITests-checkManifestLockResult.txt",
			);
			runOnlyForDeploymentPostprocessing = 0;
			shellPath = /bin/sh;
			shellScript = "diff \"${PODS_PODFILE_DIR_PATH}/Podfile.lock\" \"${PODS_ROOT}/Manifest.lock\" > /dev/null\nif [ $? != 0 ] ; then\n    # print error to STDERR\n    echo \"error: The sandbox is not in sync with the Podfile.lock. Run 'pod install' or update your CocoaPods installation.\" >&2\n    exit 1\nfi\n# This output is used by Xcode 'outputs' to avoid re-running this script phase.\necho \"SUCCESS\" > \"${SCRIPT_OUTPUT_FILE_0}\"\n";
			showEnvVarsInLog = 0;
		};
		5FF821B97DD90957442B1293 /* [CP] Check Pods Manifest.lock */ = {
			isa = PBXShellScriptBuildPhase;
			buildActionMask = 2147483647;
			files = (
			);
			inputFileListPaths = (
			);
			inputPaths = (
				"${PODS_PODFILE_DIR_PATH}/Podfile.lock",
				"${PODS_ROOT}/Manifest.lock",
			);
			name = "[CP] Check Pods Manifest.lock";
			outputFileListPaths = (
			);
			outputPaths = (
				"$(DERIVED_FILE_DIR)/Pods-FakeNFT-checkManifestLockResult.txt",
			);
			runOnlyForDeploymentPostprocessing = 0;
			shellPath = /bin/sh;
			shellScript = "diff \"${PODS_PODFILE_DIR_PATH}/Podfile.lock\" \"${PODS_ROOT}/Manifest.lock\" > /dev/null\nif [ $? != 0 ] ; then\n    # print error to STDERR\n    echo \"error: The sandbox is not in sync with the Podfile.lock. Run 'pod install' or update your CocoaPods installation.\" >&2\n    exit 1\nfi\n# This output is used by Xcode 'outputs' to avoid re-running this script phase.\necho \"SUCCESS\" > \"${SCRIPT_OUTPUT_FILE_0}\"\n";
			showEnvVarsInLog = 0;
		};
		8A1F14672D0E300F00720662 /* Run SwiftGen */ = {
			isa = PBXShellScriptBuildPhase;
			buildActionMask = 2147483647;
			files = (
			);
			inputFileListPaths = (
			);
			inputPaths = (
				"${SRCROOT}/FakeNFT/Resources/Localizable.strings",
				"${SRCROOT}/FakeNFT/Resources/Assets.xcassets",
			);
			name = "Run SwiftGen";
			outputFileListPaths = (
			);
			outputPaths = (
				"${SRCROOT}/FakeNFT/Generated/Strings.swift",
				"${SRCROOT}/FakeNFT/Generated/Assets.swift",
			);
			runOnlyForDeploymentPostprocessing = 0;
			shellPath = /bin/sh;
			shellScript = "GENERATED_DIR=\"${SRCROOT}/FakeNFT/Generated\"\n\nif [ ! -d \"$GENERATED_DIR\" ]; then\n  echo \"Generated directory not found. Creating...\"\n  mkdir -p \"$GENERATED_DIR\"\nfi\n\nif [[ -f \"${PODS_ROOT}/SwiftGen/bin/swiftgen\" ]]; then\n  \"${PODS_ROOT}/SwiftGen/bin/swiftgen\" config run --config \"${SRCROOT}/swiftgen.yml\"\nelse\n  echo \"warning: SwiftGen is not installed. Run 'pod install --repo-update' to install it.\"\nfi\n";
		};
/* End PBXShellScriptBuildPhase section */

/* Begin PBXSourcesBuildPhase section */
		3F68068F29CBBAF100B4F915 /* Sources */ = {
			isa = PBXSourcesBuildPhase;
			buildActionMask = 2147483647;
			files = (
				84FF0C252D13577C00EF9ACC /* UIConstants.swift in Sources */,
				3FC8C38B29D242E90081F015 /* ProductDetailsTableViewCell.swift in Sources */,
				84FF0BD12D1323E200EF9ACC /* ProfileService.swift in Sources */,
				84FF0C0D2D13526500EF9ACC /* NetworkConstants.swift in Sources */,
				3F478ECF29DB474E00F6D39E /* Colors.swift in Sources */,
				84FF0BE12D13268900EF9ACC /* Profile.swift in Sources */,
				0C79EE662A76DDFF00EE90EA /* NftDetailViewController.swift in Sources */,
				84FF0C2D2D135AE000EF9ACC /* GlobalFunc.swift in Sources */,
				E1A1B9DA2AA01CE400C3AFBC /* TabBarController.swift in Sources */,
				84FF0C332D135B8300EF9ACC /* LikeButtonView.swift in Sources */,
				84FF0C472D13601C00EF9ACC /* NftCellProtocol.swift in Sources */,
				84FF0D622D1CB00600EF9ACC /* MyNftRepository.swift in Sources */,
				3F478ED129DB476500F6D39E /* Fonts.swift in Sources */,
				0C79EE6A2A76DE1000EE90EA /* NftDetailAssembly.swift in Sources */,
				3FC8C39329D246BA0081F015 /* DateFormatters+Presets.swift in Sources */,
				0CFCB7422A78013E0009A829 /* Nft.swift in Sources */,
				0CF2C2DD2A783CE600FDC837 /* ErrorView.swift in Sources */,
				0C79EE682A76DE0900EE90EA /* NftDetailPresenter.swift in Sources */,
				3F68069B29CBBAF100B4F915 /* ProductDetailsTableViewController.swift in Sources */,
				84FF0C3E2D135CD000EF9ACC /* TableViewHeaderAndFooterHelper.swift in Sources */,
				84FF0BE72D1327AA00EF9ACC /* EditProfilePresenter.swift in Sources */,
				0CFCB7402A78002A0009A829 /* ExamplePutService.swift in Sources */,
				84FF0C192D13564F00EF9ACC /* WebViewController.swift in Sources */,
				84FF0C172D13562100EF9ACC /* WebViewWithProgressViewController.swift in Sources */,
				84FF0C422D135EB700EF9ACC /* TextViewCell.swift in Sources */,
				3F6806D529CBBEC700B4F915 /* NetworkTask.swift in Sources */,
				84FF0C012D1349DD00EF9ACC /* LocalizationKey.swift in Sources */,
				0CF2C2DB2A783C1B00FDC837 /* LoadingView.swift in Sources */,
				84FF0D642D1CB03E00EF9ACC /* MyNftService.swift in Sources */,
				84FF0C442D135FBD00EF9ACC /* ProfileBuilder.swift in Sources */,
				8AF91C482D0B6DFF006448B8 /* TestCartViewController.swift in Sources */,
				84FF0BDA2D13253A00EF9ACC /* ProfileRepository.swift in Sources */,
				84FF0BCE2D13234F00EF9ACC /* ProfileViewController.swift in Sources */,
				558E39E72C68CE0A00FB86AC /* NftService.swift in Sources */,
				84FF0C1F2D13570D00EF9ACC /* UIView+Extension.swift in Sources */,
				3F68069729CBBAF100B4F915 /* AppDelegate.swift in Sources */,
				3F68069929CBBAF100B4F915 /* SceneDelegate.swift in Sources */,
				84FF0D662D1CB0D200EF9ACC /* MyNftCell.swift in Sources */,
				84FF0D602D1CAF9D00EF9ACC /* MyNftPresenter.swift in Sources */,
				84FF0C392D135C2C00EF9ACC /*  ShimmerView.swift in Sources */,
				84FF0C402D135D3600EF9ACC /* ShimmerCollectionViewCell.swift in Sources */,
				0C79EE6C2A76DE2E00EE90EA /* ServicesAssemly.swift in Sources */,
				84FF0BE52D13274500EF9ACC /* EditProfileRepository.swift in Sources */,
				84FF0C0B2D13520B00EF9ACC /* Logger.swift in Sources */,
				84FF0BC52D13219B00EF9ACC /* UserProfileImageView.swift in Sources */,
				84FF0C2F2D135B1600EF9ACC /* GeometricParams.swift in Sources */,
				84FF0C372D135BF100EF9ACC /* Placeholder.swift in Sources */,
				84FF0D6A2D1CB25300EF9ACC /* NftRequest.swift in Sources */,
				84FF0BCC2D13230500EF9ACC /* UpdateProfileDto.swift in Sources */,
				84FF0BC92D13225B00EF9ACC /* UserPicCell.swift in Sources */,
				0CFCB74E2A7817DC0009A829 /* NftStorage.swift in Sources */,
				3FC8C39129D2453B0081F015 /* ExamplePutRequest.swift in Sources */,
				0CFCB7462A78064B0009A829 /* NftDetailCellModel.swift in Sources */,
				84FF0C2B2D135A9B00EF9ACC /* UserDefaults+Extensio.swift in Sources */,
				84FF0BD42D13246100EF9ACC /* ProfileRouter.swift in Sources */,
				0CFCB74B2A780EA80009A829 /* UIView+Constraints.swift in Sources */,
				3F6806D729CBC50A00B4F915 /* CellsReusingUtils.swift in Sources */,
				0C79EE612A76DCD600EE90EA /* NftByIdRequest.swift in Sources */,
				84FF0C352D135BC200EF9ACC /* NftImageView.swift in Sources */,
				84FF0C3C2D135C8200EF9ACC /* ConfigureTableViewCellHelper.swift in Sources */,
				84FF0D682D1CB1F600EF9ACC /* NftLikeService.swift in Sources */,
				E19CD5AB2A98B56600CA39A5 /* NftImageCollectionViewCell.swift in Sources */,
				8AF91C4B2D0B6E38006448B8 /* TestStatisticsViewController.swift in Sources */,
				84FF0D5E2D1CAEC200EF9ACC /* MyNftViewController.swift in Sources */,
				84FF0BD72D1324D100EF9ACC /* ProfileRequests.swift in Sources */,
				84FF0C672D136BB100EF9ACC /* Statistic.swift in Sources */,
				84FF0C312D135B4B00EF9ACC /* Notification+Extension.swift in Sources */,
				84FF0C4D2D1367A900EF9ACC /* NFT.swift in Sources */,
				0CF2C2E12A784C7000FDC837 /* LinePageControl.swift in Sources */,
				84FF0D5C2D1CAE2F00EF9ACC /* MyNftStorage.swift in Sources */,
				3F6806D329CBBE9600B4F915 /* NetworkRequest.swift in Sources */,
				0CFCB7492A7808900009A829 /* TestCatalogController.swift in Sources */,
				3F6806D129CBBE6B00B4F915 /* NetworkClient.swift in Sources */,
				84FF0CA22D14489B00EF9ACC /* MyNftHelper.swift in Sources */,
				0CFCB7442A7802440009A829 /* NftDetailInput.swift in Sources */,
				84FF0BDF2D13260000EF9ACC /* ProfileCell.swift in Sources */,
				0C79EE632A76DD1900EE90EA /* RequestConstants.swift in Sources */,
				84FF0BE32D1326EF00EF9ACC /* EditProfileViewController.swift in Sources */,
				84FF0BDD2D13259C00EF9ACC /* ProfilePresenter.swift in Sources */,
			);
			runOnlyForDeploymentPostprocessing = 0;
		};
		3F6806A529CBBAF200B4F915 /* Sources */ = {
			isa = PBXSourcesBuildPhase;
			buildActionMask = 2147483647;
			files = (
				3F6806AE29CBBAF200B4F915 /* ExampleUnitTests.swift in Sources */,
			);
			runOnlyForDeploymentPostprocessing = 0;
		};
		3F6806AF29CBBAF200B4F915 /* Sources */ = {
			isa = PBXSourcesBuildPhase;
			buildActionMask = 2147483647;
			files = (
				3F6806B829CBBAF200B4F915 /* FakeNFTUITests.swift in Sources */,
			);
			runOnlyForDeploymentPostprocessing = 0;
		};
/* End PBXSourcesBuildPhase section */

/* Begin PBXTargetDependency section */
		3F6806AB29CBBAF200B4F915 /* PBXTargetDependency */ = {
			isa = PBXTargetDependency;
			target = 3F68069229CBBAF100B4F915 /* FakeNFT */;
			targetProxy = 3F6806AA29CBBAF200B4F915 /* PBXContainerItemProxy */;
		};
		3F6806B529CBBAF200B4F915 /* PBXTargetDependency */ = {
			isa = PBXTargetDependency;
			target = 3F68069229CBBAF100B4F915 /* FakeNFT */;
			targetProxy = 3F6806B429CBBAF200B4F915 /* PBXContainerItemProxy */;
		};
/* End PBXTargetDependency section */

/* Begin PBXVariantGroup section */
		3F68069C29CBBAF100B4F915 /* Main.storyboard */ = {
			isa = PBXVariantGroup;
			children = (
				3F68069D29CBBAF100B4F915 /* Base */,
				E1CD40D82A96BE7D00BE7FE8 /* ru */,
			);
			name = Main.storyboard;
			sourceTree = "<group>";
		};
		3F6806A129CBBAF200B4F915 /* LaunchScreen.storyboard */ = {
			isa = PBXVariantGroup;
			children = (
				3F6806A229CBBAF200B4F915 /* Base */,
				E1CD40D92A96BE7D00BE7FE8 /* ru */,
			);
			name = LaunchScreen.storyboard;
			sourceTree = "<group>";
		};
/* End PBXVariantGroup section */

/* Begin XCBuildConfiguration section */
		3F6806BB29CBBAF200B4F915 /* Debug */ = {
			isa = XCBuildConfiguration;
			buildSettings = {
				ALWAYS_SEARCH_USER_PATHS = NO;
				CLANG_ANALYZER_LOCALIZABILITY_NONLOCALIZED = YES;
				CLANG_ANALYZER_NONNULL = YES;
				CLANG_ANALYZER_NUMBER_OBJECT_CONVERSION = YES_AGGRESSIVE;
				CLANG_CXX_LANGUAGE_STANDARD = "gnu++20";
				CLANG_ENABLE_MODULES = YES;
				CLANG_ENABLE_OBJC_ARC = YES;
				CLANG_ENABLE_OBJC_WEAK = YES;
				CLANG_WARN_BLOCK_CAPTURE_AUTORELEASING = YES;
				CLANG_WARN_BOOL_CONVERSION = YES;
				CLANG_WARN_COMMA = YES;
				CLANG_WARN_CONSTANT_CONVERSION = YES;
				CLANG_WARN_DEPRECATED_OBJC_IMPLEMENTATIONS = YES;
				CLANG_WARN_DIRECT_OBJC_ISA_USAGE = YES_ERROR;
				CLANG_WARN_DOCUMENTATION_COMMENTS = YES;
				CLANG_WARN_EMPTY_BODY = YES;
				CLANG_WARN_ENUM_CONVERSION = YES;
				CLANG_WARN_INFINITE_RECURSION = YES;
				CLANG_WARN_INT_CONVERSION = YES;
				CLANG_WARN_NON_LITERAL_NULL_CONVERSION = YES;
				CLANG_WARN_OBJC_IMPLICIT_RETAIN_SELF = YES;
				CLANG_WARN_OBJC_LITERAL_CONVERSION = YES;
				CLANG_WARN_OBJC_ROOT_CLASS = YES_ERROR;
				CLANG_WARN_QUOTED_INCLUDE_IN_FRAMEWORK_HEADER = YES;
				CLANG_WARN_RANGE_LOOP_ANALYSIS = YES;
				CLANG_WARN_STRICT_PROTOTYPES = YES;
				CLANG_WARN_SUSPICIOUS_MOVE = YES;
				CLANG_WARN_UNGUARDED_AVAILABILITY = YES_AGGRESSIVE;
				CLANG_WARN_UNREACHABLE_CODE = YES;
				CLANG_WARN__DUPLICATE_METHOD_MATCH = YES;
				COPY_PHASE_STRIP = NO;
				DEBUG_INFORMATION_FORMAT = dwarf;
				ENABLE_STRICT_OBJC_MSGSEND = YES;
				ENABLE_TESTABILITY = YES;
				GCC_C_LANGUAGE_STANDARD = gnu11;
				GCC_DYNAMIC_NO_PIC = NO;
				GCC_NO_COMMON_BLOCKS = YES;
				GCC_OPTIMIZATION_LEVEL = 0;
				GCC_PREPROCESSOR_DEFINITIONS = (
					"DEBUG=1",
					"$(inherited)",
				);
				GCC_WARN_64_TO_32_BIT_CONVERSION = YES;
				GCC_WARN_ABOUT_RETURN_TYPE = YES_ERROR;
				GCC_WARN_UNDECLARED_SELECTOR = YES;
				GCC_WARN_UNINITIALIZED_AUTOS = YES_AGGRESSIVE;
				GCC_WARN_UNUSED_FUNCTION = YES;
				GCC_WARN_UNUSED_VARIABLE = YES;
				IPHONEOS_DEPLOYMENT_TARGET = 13.0;
				MTL_ENABLE_DEBUG_INFO = INCLUDE_SOURCE;
				MTL_FAST_MATH = YES;
				ONLY_ACTIVE_ARCH = YES;
				SDKROOT = iphoneos;
				SWIFT_ACTIVE_COMPILATION_CONDITIONS = DEBUG;
				SWIFT_OPTIMIZATION_LEVEL = "-Onone";
			};
			name = Debug;
		};
		3F6806BC29CBBAF200B4F915 /* Release */ = {
			isa = XCBuildConfiguration;
			buildSettings = {
				ALWAYS_SEARCH_USER_PATHS = NO;
				CLANG_ANALYZER_LOCALIZABILITY_NONLOCALIZED = YES;
				CLANG_ANALYZER_NONNULL = YES;
				CLANG_ANALYZER_NUMBER_OBJECT_CONVERSION = YES_AGGRESSIVE;
				CLANG_CXX_LANGUAGE_STANDARD = "gnu++20";
				CLANG_ENABLE_MODULES = YES;
				CLANG_ENABLE_OBJC_ARC = YES;
				CLANG_ENABLE_OBJC_WEAK = YES;
				CLANG_WARN_BLOCK_CAPTURE_AUTORELEASING = YES;
				CLANG_WARN_BOOL_CONVERSION = YES;
				CLANG_WARN_COMMA = YES;
				CLANG_WARN_CONSTANT_CONVERSION = YES;
				CLANG_WARN_DEPRECATED_OBJC_IMPLEMENTATIONS = YES;
				CLANG_WARN_DIRECT_OBJC_ISA_USAGE = YES_ERROR;
				CLANG_WARN_DOCUMENTATION_COMMENTS = YES;
				CLANG_WARN_EMPTY_BODY = YES;
				CLANG_WARN_ENUM_CONVERSION = YES;
				CLANG_WARN_INFINITE_RECURSION = YES;
				CLANG_WARN_INT_CONVERSION = YES;
				CLANG_WARN_NON_LITERAL_NULL_CONVERSION = YES;
				CLANG_WARN_OBJC_IMPLICIT_RETAIN_SELF = YES;
				CLANG_WARN_OBJC_LITERAL_CONVERSION = YES;
				CLANG_WARN_OBJC_ROOT_CLASS = YES_ERROR;
				CLANG_WARN_QUOTED_INCLUDE_IN_FRAMEWORK_HEADER = YES;
				CLANG_WARN_RANGE_LOOP_ANALYSIS = YES;
				CLANG_WARN_STRICT_PROTOTYPES = YES;
				CLANG_WARN_SUSPICIOUS_MOVE = YES;
				CLANG_WARN_UNGUARDED_AVAILABILITY = YES_AGGRESSIVE;
				CLANG_WARN_UNREACHABLE_CODE = YES;
				CLANG_WARN__DUPLICATE_METHOD_MATCH = YES;
				COPY_PHASE_STRIP = NO;
				DEBUG_INFORMATION_FORMAT = "dwarf-with-dsym";
				ENABLE_NS_ASSERTIONS = NO;
				ENABLE_STRICT_OBJC_MSGSEND = YES;
				GCC_C_LANGUAGE_STANDARD = gnu11;
				GCC_NO_COMMON_BLOCKS = YES;
				GCC_WARN_64_TO_32_BIT_CONVERSION = YES;
				GCC_WARN_ABOUT_RETURN_TYPE = YES_ERROR;
				GCC_WARN_UNDECLARED_SELECTOR = YES;
				GCC_WARN_UNINITIALIZED_AUTOS = YES_AGGRESSIVE;
				GCC_WARN_UNUSED_FUNCTION = YES;
				GCC_WARN_UNUSED_VARIABLE = YES;
				IPHONEOS_DEPLOYMENT_TARGET = 13.0;
				MTL_ENABLE_DEBUG_INFO = NO;
				MTL_FAST_MATH = YES;
				SDKROOT = iphoneos;
				SWIFT_COMPILATION_MODE = wholemodule;
				SWIFT_OPTIMIZATION_LEVEL = "-O";
				VALIDATE_PRODUCT = YES;
			};
			name = Release;
		};
		3F6806BE29CBBAF200B4F915 /* Debug */ = {
			isa = XCBuildConfiguration;
			baseConfigurationReference = 0D29345F78CC3FE418A418FA /* Pods-FakeNFT.debug.xcconfig */;
			buildSettings = {
				ASSETCATALOG_COMPILER_APPICON_NAME = AppIcon;
				ASSETCATALOG_COMPILER_GLOBAL_ACCENT_COLOR_NAME = AccentColor;
				CODE_SIGN_STYLE = Automatic;
				CURRENT_PROJECT_VERSION = 1;
				DEVELOPMENT_TEAM = 7S5V69DMQR;
				GENERATE_INFOPLIST_FILE = YES;
				INFOPLIST_FILE = FakeNFT/Info.plist;
				INFOPLIST_KEY_UIApplicationSupportsIndirectInputEvents = YES;
				INFOPLIST_KEY_UILaunchStoryboardName = LaunchScreen;
				INFOPLIST_KEY_UIMainStoryboardFile = Main;
				INFOPLIST_KEY_UISupportedInterfaceOrientations_iPad = "UIInterfaceOrientationPortrait UIInterfaceOrientationPortraitUpsideDown UIInterfaceOrientationLandscapeLeft UIInterfaceOrientationLandscapeRight";
				INFOPLIST_KEY_UISupportedInterfaceOrientations_iPhone = "UIInterfaceOrientationPortrait UIInterfaceOrientationLandscapeLeft UIInterfaceOrientationLandscapeRight";
				IPHONEOS_DEPLOYMENT_TARGET = 13.0;
				LD_RUNPATH_SEARCH_PATHS = (
					"$(inherited)",
					"@executable_path/Frameworks",
				);
				MARKETING_VERSION = 1.0;
				PRODUCT_BUNDLE_IDENTIFIER = com.kintolayli.practicum.FakeNFT;
				PRODUCT_NAME = "$(TARGET_NAME)";
				SWIFT_EMIT_LOC_STRINGS = YES;
				SWIFT_VERSION = 5.0;
				TARGETED_DEVICE_FAMILY = "1,2";
			};
			name = Debug;
		};
		3F6806BF29CBBAF200B4F915 /* Release */ = {
			isa = XCBuildConfiguration;
			baseConfigurationReference = 7BD4A8F65D528D82485FF832 /* Pods-FakeNFT.release.xcconfig */;
			buildSettings = {
				ASSETCATALOG_COMPILER_APPICON_NAME = AppIcon;
				ASSETCATALOG_COMPILER_GLOBAL_ACCENT_COLOR_NAME = AccentColor;
				CODE_SIGN_STYLE = Automatic;
				CURRENT_PROJECT_VERSION = 1;
				DEVELOPMENT_TEAM = 7S5V69DMQR;
				GENERATE_INFOPLIST_FILE = YES;
				INFOPLIST_FILE = FakeNFT/Info.plist;
				INFOPLIST_KEY_UIApplicationSupportsIndirectInputEvents = YES;
				INFOPLIST_KEY_UILaunchStoryboardName = LaunchScreen;
				INFOPLIST_KEY_UIMainStoryboardFile = Main;
				INFOPLIST_KEY_UISupportedInterfaceOrientations_iPad = "UIInterfaceOrientationPortrait UIInterfaceOrientationPortraitUpsideDown UIInterfaceOrientationLandscapeLeft UIInterfaceOrientationLandscapeRight";
				INFOPLIST_KEY_UISupportedInterfaceOrientations_iPhone = "UIInterfaceOrientationPortrait UIInterfaceOrientationLandscapeLeft UIInterfaceOrientationLandscapeRight";
				IPHONEOS_DEPLOYMENT_TARGET = 13.0;
				LD_RUNPATH_SEARCH_PATHS = (
					"$(inherited)",
					"@executable_path/Frameworks",
				);
				MARKETING_VERSION = 1.0;
				PRODUCT_BUNDLE_IDENTIFIER = com.kintolayli.practicum.FakeNFT;
				PRODUCT_NAME = "$(TARGET_NAME)";
				SWIFT_EMIT_LOC_STRINGS = YES;
				SWIFT_VERSION = 5.0;
				TARGETED_DEVICE_FAMILY = "1,2";
			};
			name = Release;
		};
		3F6806C129CBBAF200B4F915 /* Debug */ = {
			isa = XCBuildConfiguration;
			baseConfigurationReference = BD79DB3064D5DA1BE452D6E7 /* Pods-FakeNFTTests.debug.xcconfig */;
			buildSettings = {
				ALWAYS_EMBED_SWIFT_STANDARD_LIBRARIES = YES;
				BUNDLE_LOADER = "$(TEST_HOST)";
				CODE_SIGN_STYLE = Automatic;
				CURRENT_PROJECT_VERSION = 1;
				GENERATE_INFOPLIST_FILE = YES;
				IPHONEOS_DEPLOYMENT_TARGET = 16.2;
				MARKETING_VERSION = 1.0;
				PRODUCT_BUNDLE_IDENTIFIER = com.practicum.FakeNFTTests;
				PRODUCT_NAME = "$(TARGET_NAME)";
				SWIFT_EMIT_LOC_STRINGS = NO;
				SWIFT_VERSION = 5.0;
				TARGETED_DEVICE_FAMILY = "1,2";
				TEST_HOST = "$(BUILT_PRODUCTS_DIR)/FakeNFT.app/$(BUNDLE_EXECUTABLE_FOLDER_PATH)/FakeNFT";
			};
			name = Debug;
		};
		3F6806C229CBBAF200B4F915 /* Release */ = {
			isa = XCBuildConfiguration;
			baseConfigurationReference = 0222568CE37BB11DC6ED31B2 /* Pods-FakeNFTTests.release.xcconfig */;
			buildSettings = {
				ALWAYS_EMBED_SWIFT_STANDARD_LIBRARIES = YES;
				BUNDLE_LOADER = "$(TEST_HOST)";
				CODE_SIGN_STYLE = Automatic;
				CURRENT_PROJECT_VERSION = 1;
				GENERATE_INFOPLIST_FILE = YES;
				IPHONEOS_DEPLOYMENT_TARGET = 16.2;
				MARKETING_VERSION = 1.0;
				PRODUCT_BUNDLE_IDENTIFIER = com.practicum.FakeNFTTests;
				PRODUCT_NAME = "$(TARGET_NAME)";
				SWIFT_EMIT_LOC_STRINGS = NO;
				SWIFT_VERSION = 5.0;
				TARGETED_DEVICE_FAMILY = "1,2";
				TEST_HOST = "$(BUILT_PRODUCTS_DIR)/FakeNFT.app/$(BUNDLE_EXECUTABLE_FOLDER_PATH)/FakeNFT";
			};
			name = Release;
		};
		3F6806C429CBBAF200B4F915 /* Debug */ = {
			isa = XCBuildConfiguration;
			baseConfigurationReference = 46FB4CFBCC35EA25FEA840C0 /* Pods-FakeNFT-FakeNFTUITests.debug.xcconfig */;
			buildSettings = {
				ALWAYS_EMBED_SWIFT_STANDARD_LIBRARIES = YES;
				CODE_SIGN_STYLE = Automatic;
				CURRENT_PROJECT_VERSION = 1;
				GENERATE_INFOPLIST_FILE = YES;
				MARKETING_VERSION = 1.0;
				PRODUCT_BUNDLE_IDENTIFIER = com.practicum.FakeNFTUITests;
				PRODUCT_NAME = "$(TARGET_NAME)";
				SWIFT_EMIT_LOC_STRINGS = NO;
				SWIFT_VERSION = 5.0;
				TARGETED_DEVICE_FAMILY = "1,2";
				TEST_TARGET_NAME = FakeNFT;
			};
			name = Debug;
		};
		3F6806C529CBBAF200B4F915 /* Release */ = {
			isa = XCBuildConfiguration;
			baseConfigurationReference = DA6B35470AABE6E423D28358 /* Pods-FakeNFT-FakeNFTUITests.release.xcconfig */;
			buildSettings = {
				ALWAYS_EMBED_SWIFT_STANDARD_LIBRARIES = YES;
				CODE_SIGN_STYLE = Automatic;
				CURRENT_PROJECT_VERSION = 1;
				GENERATE_INFOPLIST_FILE = YES;
				MARKETING_VERSION = 1.0;
				PRODUCT_BUNDLE_IDENTIFIER = com.practicum.FakeNFTUITests;
				PRODUCT_NAME = "$(TARGET_NAME)";
				SWIFT_EMIT_LOC_STRINGS = NO;
				SWIFT_VERSION = 5.0;
				TARGETED_DEVICE_FAMILY = "1,2";
				TEST_TARGET_NAME = FakeNFT;
			};
			name = Release;
		};
/* End XCBuildConfiguration section */

/* Begin XCConfigurationList section */
		3F68068E29CBBAF100B4F915 /* Build configuration list for PBXProject "FakeNFT" */ = {
			isa = XCConfigurationList;
			buildConfigurations = (
				3F6806BB29CBBAF200B4F915 /* Debug */,
				3F6806BC29CBBAF200B4F915 /* Release */,
			);
			defaultConfigurationIsVisible = 0;
			defaultConfigurationName = Release;
		};
		3F6806BD29CBBAF200B4F915 /* Build configuration list for PBXNativeTarget "FakeNFT" */ = {
			isa = XCConfigurationList;
			buildConfigurations = (
				3F6806BE29CBBAF200B4F915 /* Debug */,
				3F6806BF29CBBAF200B4F915 /* Release */,
			);
			defaultConfigurationIsVisible = 0;
			defaultConfigurationName = Release;
		};
		3F6806C029CBBAF200B4F915 /* Build configuration list for PBXNativeTarget "FakeNFTTests" */ = {
			isa = XCConfigurationList;
			buildConfigurations = (
				3F6806C129CBBAF200B4F915 /* Debug */,
				3F6806C229CBBAF200B4F915 /* Release */,
			);
			defaultConfigurationIsVisible = 0;
			defaultConfigurationName = Release;
		};
		3F6806C329CBBAF200B4F915 /* Build configuration list for PBXNativeTarget "FakeNFTUITests" */ = {
			isa = XCConfigurationList;
			buildConfigurations = (
				3F6806C429CBBAF200B4F915 /* Debug */,
				3F6806C529CBBAF200B4F915 /* Release */,
			);
			defaultConfigurationIsVisible = 0;
			defaultConfigurationName = Release;
		};
/* End XCConfigurationList section */

/* Begin XCRemoteSwiftPackageReference section */
		3F603CCB29DB4A53000C43D7 /* XCRemoteSwiftPackageReference "ProgressHUD" */ = {
			isa = XCRemoteSwiftPackageReference;
			repositoryURL = "https://github.com/relatedcode/ProgressHUD";
			requirement = {
				kind = upToNextMajorVersion;
				minimumVersion = 13.0.0;
			};
		};
		3F603CCE29DB4A74000C43D7 /* XCRemoteSwiftPackageReference "Kingfisher" */ = {
			isa = XCRemoteSwiftPackageReference;
			repositoryURL = "https://github.com/onevcat/Kingfisher.git";
			requirement = {
				kind = upToNextMajorVersion;
				minimumVersion = 7.0.0;
			};
		};
/* End XCRemoteSwiftPackageReference section */

/* Begin XCSwiftPackageProductDependency section */
		3F603CCC29DB4A53000C43D7 /* ProgressHUD */ = {
			isa = XCSwiftPackageProductDependency;
			package = 3F603CCB29DB4A53000C43D7 /* XCRemoteSwiftPackageReference "ProgressHUD" */;
			productName = ProgressHUD;
		};
		3F603CCF29DB4A74000C43D7 /* Kingfisher */ = {
			isa = XCSwiftPackageProductDependency;
			package = 3F603CCE29DB4A74000C43D7 /* XCRemoteSwiftPackageReference "Kingfisher" */;
			productName = Kingfisher;
		};
/* End XCSwiftPackageProductDependency section */
	};
	rootObject = 3F68068B29CBBAF100B4F915 /* Project object */;
}
